{
  "name": "firebaseopensource.com",
  "lockfileVersion": 3,
  "requires": true,
  "packages": {
    "": {
      "license": "Apache-2.0",
      "dependencies": {
        "@firebase/app": "^0.11.1",
        "firebase": "^11.3.1"
      }
    },
    "node_modules/@firebase/analytics": {
      "version": "0.10.11",
      "resolved": "https://registry.npmjs.org/@firebase/analytics/-/analytics-0.10.11.tgz",
      "integrity": "sha512-zwuPiRE0+hgcS95JZbJ6DFQN4xYFO8IyGxpeePTV51YJMwCf3lkBa6FnZ/iXIqDKcBPMgMuuEZozI0BJWaLEYg==",
      "license": "Apache-2.0",
      "dependencies": {
        "@firebase/component": "0.6.12",
        "@firebase/installations": "0.6.12",
        "@firebase/logger": "0.4.4",
        "@firebase/util": "1.10.3",
        "tslib": "^2.1.0"
      },
      "peerDependencies": {
        "@firebase/app": "0.x"
      }
    },
    "node_modules/@firebase/analytics-compat": {
      "version": "0.2.17",
      "resolved": "https://registry.npmjs.org/@firebase/analytics-compat/-/analytics-compat-0.2.17.tgz",
      "integrity": "sha512-SJNVOeTvzdqZQvXFzj7yAirXnYcLDxh57wBFROfeowq/kRN1AqOw1tG6U4OiFOEhqi7s3xLze/LMkZatk2IEww==",
      "license": "Apache-2.0",
      "dependencies": {
        "@firebase/analytics": "0.10.11",
        "@firebase/analytics-types": "0.8.3",
        "@firebase/component": "0.6.12",
        "@firebase/util": "1.10.3",
        "tslib": "^2.1.0"
      },
      "peerDependencies": {
        "@firebase/app-compat": "0.x"
      }
    },
    "node_modules/@firebase/analytics-types": {
      "version": "0.8.3",
      "resolved": "https://registry.npmjs.org/@firebase/analytics-types/-/analytics-types-0.8.3.tgz",
      "integrity": "sha512-VrIp/d8iq2g501qO46uGz3hjbDb8xzYMrbu8Tp0ovzIzrvJZ2fvmj649gTjge/b7cCCcjT0H37g1gVtlNhnkbg==",
      "license": "Apache-2.0"
    },
    "node_modules/@firebase/app": {
      "version": "0.11.1",
      "resolved": "https://registry.npmjs.org/@firebase/app/-/app-0.11.1.tgz",
      "integrity": "sha512-Vz4DrNLPfDx3RwQf+4klXtu7OUYDO6xz2hlRyFawWskS7YqdtNzkDDxrqH20KDfjCF1lib46/NgchIj1+8h4wQ==",
      "license": "Apache-2.0",
      "dependencies": {
        "@firebase/component": "0.6.12",
        "@firebase/logger": "0.4.4",
        "@firebase/util": "1.10.3",
        "idb": "7.1.1",
        "tslib": "^2.1.0"
      },
      "engines": {
        "node": ">=18.0.0"
      }
    },
    "node_modules/@firebase/app-check": {
      "version": "0.8.11",
      "resolved": "https://registry.npmjs.org/@firebase/app-check/-/app-check-0.8.11.tgz",
      "integrity": "sha512-42zIfRI08/7bQqczAy7sY2JqZYEv3a1eNa4fLFdtJ54vNevbBIRSEA3fZgRqWFNHalh5ohsBXdrYgFqaRIuCcQ==",
      "license": "Apache-2.0",
      "dependencies": {
        "@firebase/component": "0.6.12",
        "@firebase/logger": "0.4.4",
        "@firebase/util": "1.10.3",
        "tslib": "^2.1.0"
      },
      "engines": {
        "node": ">=18.0.0"
      },
      "peerDependencies": {
        "@firebase/app": "0.x"
      }
    },
    "node_modules/@firebase/app-check-compat": {
      "version": "0.3.18",
      "resolved": "https://registry.npmjs.org/@firebase/app-check-compat/-/app-check-compat-0.3.18.tgz",
      "integrity": "sha512-qjozwnwYmAIdrsVGrJk+hnF1WBois54IhZR6gO0wtZQoTvWL/GtiA2F31TIgAhF0ayUiZhztOv1RfC7YyrZGDQ==",
      "license": "Apache-2.0",
      "dependencies": {
        "@firebase/app-check": "0.8.11",
        "@firebase/app-check-types": "0.5.3",
        "@firebase/component": "0.6.12",
        "@firebase/logger": "0.4.4",
        "@firebase/util": "1.10.3",
        "tslib": "^2.1.0"
      },
      "engines": {
        "node": ">=18.0.0"
      },
      "peerDependencies": {
        "@firebase/app-compat": "0.x"
      }
    },
    "node_modules/@firebase/app-check-interop-types": {
      "version": "0.3.3",
      "resolved": "https://registry.npmjs.org/@firebase/app-check-interop-types/-/app-check-interop-types-0.3.3.tgz",
      "integrity": "sha512-gAlxfPLT2j8bTI/qfe3ahl2I2YcBQ8cFIBdhAQA4I2f3TndcO+22YizyGYuttLHPQEpWkhmpFW60VCFEPg4g5A==",
      "license": "Apache-2.0"
    },
    "node_modules/@firebase/app-check-types": {
      "version": "0.5.3",
      "resolved": "https://registry.npmjs.org/@firebase/app-check-types/-/app-check-types-0.5.3.tgz",
      "integrity": "sha512-hyl5rKSj0QmwPdsAxrI5x1otDlByQ7bvNvVt8G/XPO2CSwE++rmSVf3VEhaeOR4J8ZFaF0Z0NDSmLejPweZ3ng==",
      "license": "Apache-2.0"
    },
    "node_modules/@firebase/app-compat": {
      "version": "0.2.50",
      "resolved": "https://registry.npmjs.org/@firebase/app-compat/-/app-compat-0.2.50.tgz",
      "integrity": "sha512-7yD362icKgjoNvFxwth420TNZgqCfuTJ28yQCdpyjC2fXyaZHhAbxVKnHEXGTAaUKSHWxsIy46lBKGi/x/Mflw==",
      "license": "Apache-2.0",
      "dependencies": {
        "@firebase/app": "0.11.1",
        "@firebase/component": "0.6.12",
        "@firebase/logger": "0.4.4",
        "@firebase/util": "1.10.3",
        "tslib": "^2.1.0"
      },
      "engines": {
        "node": ">=18.0.0"
      }
    },
    "node_modules/@firebase/app-types": {
      "version": "0.9.3",
      "resolved": "https://registry.npmjs.org/@firebase/app-types/-/app-types-0.9.3.tgz",
      "integrity": "sha512-kRVpIl4vVGJ4baogMDINbyrIOtOxqhkZQg4jTq3l8Lw6WSk0xfpEYzezFu+Kl4ve4fbPl79dvwRtaFqAC/ucCw==",
      "license": "Apache-2.0"
    },
    "node_modules/@firebase/auth": {
      "version": "1.9.0",
      "resolved": "https://registry.npmjs.org/@firebase/auth/-/auth-1.9.0.tgz",
      "integrity": "sha512-Xz2mbEYauF689qXG/4HppS2+/yGo9R7B6eNUBh3H2+XpAZTGdx8d8TFsW/BMTAK9Q95NB0pb1Bbvfx0lwofq8Q==",
      "license": "Apache-2.0",
      "dependencies": {
        "@firebase/component": "0.6.12",
        "@firebase/logger": "0.4.4",
        "@firebase/util": "1.10.3",
        "tslib": "^2.1.0"
      },
      "engines": {
        "node": ">=18.0.0"
      },
      "peerDependencies": {
        "@firebase/app": "0.x",
        "@react-native-async-storage/async-storage": "^1.18.1"
      },
      "peerDependenciesMeta": {
        "@react-native-async-storage/async-storage": {
          "optional": true
        }
      }
    },
    "node_modules/@firebase/auth-compat": {
      "version": "0.5.18",
      "resolved": "https://registry.npmjs.org/@firebase/auth-compat/-/auth-compat-0.5.18.tgz",
      "integrity": "sha512-dFBev8AMNb2AgIt9afwf/Ku4/0Wq9R9OFSeBB/xjyJt+RfQ9PnNWqU2oFphews23byLg6jle8twRA7iOYfRGRw==",
      "license": "Apache-2.0",
      "dependencies": {
        "@firebase/auth": "1.9.0",
        "@firebase/auth-types": "0.13.0",
        "@firebase/component": "0.6.12",
        "@firebase/util": "1.10.3",
        "tslib": "^2.1.0"
      },
      "engines": {
        "node": ">=18.0.0"
      },
      "peerDependencies": {
        "@firebase/app-compat": "0.x"
      }
    },
    "node_modules/@firebase/auth-interop-types": {
      "version": "0.2.4",
      "resolved": "https://registry.npmjs.org/@firebase/auth-interop-types/-/auth-interop-types-0.2.4.tgz",
      "integrity": "sha512-JPgcXKCuO+CWqGDnigBtvo09HeBs5u/Ktc2GaFj2m01hLarbxthLNm7Fk8iOP1aqAtXV+fnnGj7U28xmk7IwVA==",
      "license": "Apache-2.0"
    },
    "node_modules/@firebase/auth-types": {
      "version": "0.13.0",
      "resolved": "https://registry.npmjs.org/@firebase/auth-types/-/auth-types-0.13.0.tgz",
      "integrity": "sha512-S/PuIjni0AQRLF+l9ck0YpsMOdE8GO2KU6ubmBB7P+7TJUCQDa3R1dlgYm9UzGbbePMZsp0xzB93f2b/CgxMOg==",
      "license": "Apache-2.0",
      "peerDependencies": {
        "@firebase/app-types": "0.x",
        "@firebase/util": "1.x"
      }
    },
    "node_modules/@firebase/component": {
      "version": "0.6.12",
      "resolved": "https://registry.npmjs.org/@firebase/component/-/component-0.6.12.tgz",
      "integrity": "sha512-YnxqjtohLbnb7raXt2YuA44cC1wA9GiehM/cmxrsoxKlFxBLy2V0OkRSj9gpngAE0UoJ421Wlav9ycO7lTPAUw==",
      "license": "Apache-2.0",
      "dependencies": {
        "@firebase/util": "1.10.3",
        "tslib": "^2.1.0"
      },
      "engines": {
        "node": ">=18.0.0"
      }
    },
    "node_modules/@firebase/data-connect": {
      "version": "0.3.0",
      "resolved": "https://registry.npmjs.org/@firebase/data-connect/-/data-connect-0.3.0.tgz",
      "integrity": "sha512-inbLq0JyQD/d02Al3Lso0Hc8z1BVpB3dYSMFcQkeKhYyjn5bspLczLdasPbCOEUp8MOkLblLZhJuRs7Q/spFnw==",
      "license": "Apache-2.0",
      "dependencies": {
        "@firebase/auth-interop-types": "0.2.4",
        "@firebase/component": "0.6.12",
        "@firebase/logger": "0.4.4",
        "@firebase/util": "1.10.3",
        "tslib": "^2.1.0"
      },
      "peerDependencies": {
        "@firebase/app": "0.x"
      }
    },
    "node_modules/@firebase/database": {
      "version": "1.0.12",
      "resolved": "https://registry.npmjs.org/@firebase/database/-/database-1.0.12.tgz",
      "integrity": "sha512-psFl5t6rSFHq3i3fnU1QQlc4BB9Hnhh8TgEqvQlPPm8kDLw8gYxvjqYw3c5CZW0+zKR837nwT6im/wtJUivMKw==",
      "license": "Apache-2.0",
      "dependencies": {
        "@firebase/app-check-interop-types": "0.3.3",
        "@firebase/auth-interop-types": "0.2.4",
        "@firebase/component": "0.6.12",
        "@firebase/logger": "0.4.4",
        "@firebase/util": "1.10.3",
        "faye-websocket": "0.11.4",
        "tslib": "^2.1.0"
      },
      "engines": {
        "node": ">=18.0.0"
      }
    },
    "node_modules/@firebase/database-compat": {
      "version": "2.0.3",
      "resolved": "https://registry.npmjs.org/@firebase/database-compat/-/database-compat-2.0.3.tgz",
      "integrity": "sha512-uHGQrSUeJvsDfA+IyHW5O4vdRPsCksEzv4T4Jins+bmQgYy20ZESU4x01xrQCn/nzqKHuQMEW99CoCO7D+5NiQ==",
      "license": "Apache-2.0",
      "dependencies": {
        "@firebase/component": "0.6.12",
        "@firebase/database": "1.0.12",
        "@firebase/database-types": "1.0.8",
        "@firebase/logger": "0.4.4",
        "@firebase/util": "1.10.3",
        "tslib": "^2.1.0"
      },
      "engines": {
        "node": ">=18.0.0"
      }
    },
    "node_modules/@firebase/database-types": {
      "version": "1.0.8",
      "resolved": "https://registry.npmjs.org/@firebase/database-types/-/database-types-1.0.8.tgz",
      "integrity": "sha512-6lPWIGeufhUq1heofZULyVvWFhD01TUrkkB9vyhmksjZ4XF7NaivQp9rICMk7QNhqwa+uDCaj4j+Q8qqcSVZ9g==",
      "license": "Apache-2.0",
      "dependencies": {
        "@firebase/app-types": "0.9.3",
        "@firebase/util": "1.10.3"
      }
    },
    "node_modules/@firebase/firestore": {
      "version": "4.7.8",
      "resolved": "https://registry.npmjs.org/@firebase/firestore/-/firestore-4.7.8.tgz",
      "integrity": "sha512-eDvVJ/I5vSmIdGmLHJAK1OcviigIxjjia6i5/AkMFq6vZMt7CBXA0B5Xz9pGRCZ7WewFcsCbK1ZUQoYJ91+Cew==",
      "license": "Apache-2.0",
      "dependencies": {
        "@firebase/component": "0.6.12",
        "@firebase/logger": "0.4.4",
        "@firebase/util": "1.10.3",
        "@firebase/webchannel-wrapper": "1.0.3",
        "@grpc/grpc-js": "~1.9.0",
        "@grpc/proto-loader": "^0.7.8",
        "tslib": "^2.1.0"
      },
      "engines": {
        "node": ">=18.0.0"
      },
      "peerDependencies": {
        "@firebase/app": "0.x"
      }
    },
    "node_modules/@firebase/firestore-compat": {
      "version": "0.3.43",
      "resolved": "https://registry.npmjs.org/@firebase/firestore-compat/-/firestore-compat-0.3.43.tgz",
      "integrity": "sha512-zxg7YS07XQnTetGs3GADM/eA6HB4vWUp+Av4iugmTbft0fQxuTSnGm7ifctaYuR7VMTPckU9CW+oFC9QUNSYvg==",
      "license": "Apache-2.0",
      "dependencies": {
        "@firebase/component": "0.6.12",
        "@firebase/firestore": "4.7.8",
        "@firebase/firestore-types": "3.0.3",
        "@firebase/util": "1.10.3",
        "tslib": "^2.1.0"
      },
      "engines": {
        "node": ">=18.0.0"
      },
      "peerDependencies": {
        "@firebase/app-compat": "0.x"
      }
    },
    "node_modules/@firebase/firestore-types": {
      "version": "3.0.3",
      "resolved": "https://registry.npmjs.org/@firebase/firestore-types/-/firestore-types-3.0.3.tgz",
      "integrity": "sha512-hD2jGdiWRxB/eZWF89xcK9gF8wvENDJkzpVFb4aGkzfEaKxVRD1kjz1t1Wj8VZEp2LCB53Yx1zD8mrhQu87R6Q==",
      "license": "Apache-2.0",
      "peerDependencies": {
        "@firebase/app-types": "0.x",
        "@firebase/util": "1.x"
      }
    },
    "node_modules/@firebase/functions": {
      "version": "0.12.2",
      "resolved": "https://registry.npmjs.org/@firebase/functions/-/functions-0.12.2.tgz",
      "integrity": "sha512-iKpFDoCYk/Qm+Qwv5ynRb9/yq64QOt0A0+t9NuekyAZnSoV56kSNq/PmsVmBauar5SlmEjhHk6QKdMBP9S0gXA==",
      "license": "Apache-2.0",
      "dependencies": {
        "@firebase/app-check-interop-types": "0.3.3",
        "@firebase/auth-interop-types": "0.2.4",
        "@firebase/component": "0.6.12",
        "@firebase/messaging-interop-types": "0.2.3",
        "@firebase/util": "1.10.3",
        "tslib": "^2.1.0"
      },
      "engines": {
        "node": ">=18.0.0"
      },
      "peerDependencies": {
        "@firebase/app": "0.x"
      }
    },
    "node_modules/@firebase/functions-compat": {
      "version": "0.3.19",
      "resolved": "https://registry.npmjs.org/@firebase/functions-compat/-/functions-compat-0.3.19.tgz",
      "integrity": "sha512-uw4tR8NcJCDu86UD63Za8A8SgFgmAVFb1XsGlkuBY7gpLyZWEFavWnwRkZ/8cUwpqUhp/SptXFZ1WFJSnOokLw==",
      "license": "Apache-2.0",
      "dependencies": {
        "@firebase/component": "0.6.12",
        "@firebase/functions": "0.12.2",
        "@firebase/functions-types": "0.6.3",
        "@firebase/util": "1.10.3",
        "tslib": "^2.1.0"
      },
      "engines": {
        "node": ">=18.0.0"
      },
      "peerDependencies": {
        "@firebase/app-compat": "0.x"
      }
    },
    "node_modules/@firebase/functions-types": {
      "version": "0.6.3",
      "resolved": "https://registry.npmjs.org/@firebase/functions-types/-/functions-types-0.6.3.tgz",
      "integrity": "sha512-EZoDKQLUHFKNx6VLipQwrSMh01A1SaL3Wg6Hpi//x6/fJ6Ee4hrAeswK99I5Ht8roiniKHw4iO0B1Oxj5I4plg==",
      "license": "Apache-2.0"
    },
    "node_modules/@firebase/installations": {
      "version": "0.6.12",
      "resolved": "https://registry.npmjs.org/@firebase/installations/-/installations-0.6.12.tgz",
      "integrity": "sha512-ES/WpuAV2k2YtBTvdaknEo7IY8vaGjIjS3zhnHSAIvY9KwTR8XZFXOJoZ3nSkjN1A5R4MtEh+07drnzPDg9vaw==",
      "license": "Apache-2.0",
      "dependencies": {
        "@firebase/component": "0.6.12",
        "@firebase/util": "1.10.3",
        "idb": "7.1.1",
        "tslib": "^2.1.0"
      },
      "peerDependencies": {
        "@firebase/app": "0.x"
      }
    },
    "node_modules/@firebase/installations-compat": {
      "version": "0.2.12",
      "resolved": "https://registry.npmjs.org/@firebase/installations-compat/-/installations-compat-0.2.12.tgz",
      "integrity": "sha512-RhcGknkxmFu92F6Jb3rXxv6a4sytPjJGifRZj8MSURPuv2Xu+/AispCXEfY1ZraobhEHTG5HLGsP6R4l9qB5aA==",
      "license": "Apache-2.0",
      "dependencies": {
        "@firebase/component": "0.6.12",
        "@firebase/installations": "0.6.12",
        "@firebase/installations-types": "0.5.3",
        "@firebase/util": "1.10.3",
        "tslib": "^2.1.0"
      },
      "peerDependencies": {
        "@firebase/app-compat": "0.x"
      }
    },
    "node_modules/@firebase/installations-types": {
      "version": "0.5.3",
      "resolved": "https://registry.npmjs.org/@firebase/installations-types/-/installations-types-0.5.3.tgz",
      "integrity": "sha512-2FJI7gkLqIE0iYsNQ1P751lO3hER+Umykel+TkLwHj6plzWVxqvfclPUZhcKFVQObqloEBTmpi2Ozn7EkCABAA==",
      "license": "Apache-2.0",
      "peerDependencies": {
        "@firebase/app-types": "0.x"
      }
    },
    "node_modules/@firebase/logger": {
      "version": "0.4.4",
      "resolved": "https://registry.npmjs.org/@firebase/logger/-/logger-0.4.4.tgz",
      "integrity": "sha512-mH0PEh1zoXGnaR8gD1DeGeNZtWFKbnz9hDO91dIml3iou1gpOnLqXQ2dJfB71dj6dpmUjcQ6phY3ZZJbjErr9g==",
      "license": "Apache-2.0",
      "dependencies": {
        "tslib": "^2.1.0"
      },
      "engines": {
        "node": ">=18.0.0"
      }
    },
    "node_modules/@firebase/messaging": {
      "version": "0.12.16",
      "resolved": "https://registry.npmjs.org/@firebase/messaging/-/messaging-0.12.16.tgz",
      "integrity": "sha512-VJ8sCEIeP3+XkfbJA7410WhYGHdloYFZXoHe/vt+vNVDGw8JQPTQSVTRvjrUprEf5I4Tbcnpr2H34lS6zhCHSA==",
      "license": "Apache-2.0",
      "dependencies": {
        "@firebase/component": "0.6.12",
        "@firebase/installations": "0.6.12",
        "@firebase/messaging-interop-types": "0.2.3",
        "@firebase/util": "1.10.3",
        "idb": "7.1.1",
        "tslib": "^2.1.0"
      },
      "peerDependencies": {
        "@firebase/app": "0.x"
      }
    },
    "node_modules/@firebase/messaging-compat": {
      "version": "0.2.16",
      "resolved": "https://registry.npmjs.org/@firebase/messaging-compat/-/messaging-compat-0.2.16.tgz",
      "integrity": "sha512-9HZZ88Ig3zQ0ok/Pwt4gQcNsOhoEy8hDHoGsV1am6ulgMuGuDVD2gl11Lere2ksL+msM12Lddi2x/7TCqmODZw==",
      "license": "Apache-2.0",
      "dependencies": {
        "@firebase/component": "0.6.12",
        "@firebase/messaging": "0.12.16",
        "@firebase/util": "1.10.3",
        "tslib": "^2.1.0"
      },
      "peerDependencies": {
        "@firebase/app-compat": "0.x"
      }
    },
    "node_modules/@firebase/messaging-interop-types": {
      "version": "0.2.3",
      "resolved": "https://registry.npmjs.org/@firebase/messaging-interop-types/-/messaging-interop-types-0.2.3.tgz",
      "integrity": "sha512-xfzFaJpzcmtDjycpDeCUj0Ge10ATFi/VHVIvEEjDNc3hodVBQADZ7BWQU7CuFpjSHE+eLuBI13z5F/9xOoGX8Q==",
      "license": "Apache-2.0"
    },
    "node_modules/@firebase/performance": {
      "version": "0.7.0",
      "resolved": "https://registry.npmjs.org/@firebase/performance/-/performance-0.7.0.tgz",
      "integrity": "sha512-L91PwYuiJdKXKSRqsWNicvTppAJVzKjye03UlegeD6TkpKjb93T8AmJ9B0Mt0bcWHCNtnnRBCdSCvD2U9GZDjw==",
      "license": "Apache-2.0",
      "dependencies": {
        "@firebase/component": "0.6.12",
        "@firebase/installations": "0.6.12",
        "@firebase/logger": "0.4.4",
        "@firebase/util": "1.10.3",
        "tslib": "^2.1.0",
        "web-vitals": "^4.2.4"
      },
      "peerDependencies": {
        "@firebase/app": "0.x"
      }
    },
    "node_modules/@firebase/performance-compat": {
      "version": "0.2.13",
      "resolved": "https://registry.npmjs.org/@firebase/performance-compat/-/performance-compat-0.2.13.tgz",
      "integrity": "sha512-pB0SMQj2TLQ6roDcX0YQDWvUnVgsVOl0VnUvyT/VBdCUuQYDHobZsPEuQsoEqmPA44KS/Gl0oyKqf+I8UPtRgw==",
      "license": "Apache-2.0",
      "dependencies": {
        "@firebase/component": "0.6.12",
        "@firebase/logger": "0.4.4",
        "@firebase/performance": "0.7.0",
        "@firebase/performance-types": "0.2.3",
        "@firebase/util": "1.10.3",
        "tslib": "^2.1.0"
      },
      "peerDependencies": {
        "@firebase/app-compat": "0.x"
      }
    },
    "node_modules/@firebase/performance-types": {
      "version": "0.2.3",
      "resolved": "https://registry.npmjs.org/@firebase/performance-types/-/performance-types-0.2.3.tgz",
      "integrity": "sha512-IgkyTz6QZVPAq8GSkLYJvwSLr3LS9+V6vNPQr0x4YozZJiLF5jYixj0amDtATf1X0EtYHqoPO48a9ija8GocxQ==",
      "license": "Apache-2.0"
    },
    "node_modules/@firebase/remote-config": {
      "version": "0.5.0",
      "resolved": "https://registry.npmjs.org/@firebase/remote-config/-/remote-config-0.5.0.tgz",
      "integrity": "sha512-weiEbpBp5PBJTHUWR4GwI7ZacaAg68BKha5QnZ8Go65W4oQjEWqCW/rfskABI/OkrGijlL3CUmCB/SA6mVo0qA==",
      "license": "Apache-2.0",
      "dependencies": {
        "@firebase/component": "0.6.12",
        "@firebase/installations": "0.6.12",
        "@firebase/logger": "0.4.4",
        "@firebase/util": "1.10.3",
        "tslib": "^2.1.0"
      },
      "peerDependencies": {
        "@firebase/app": "0.x"
      }
    },
    "node_modules/@firebase/remote-config-compat": {
      "version": "0.2.12",
      "resolved": "https://registry.npmjs.org/@firebase/remote-config-compat/-/remote-config-compat-0.2.12.tgz",
      "integrity": "sha512-91jLWPtubIuPBngg9SzwvNCWzhMLcyBccmt7TNZP+y1cuYFNOWWHKUXQ3IrxCLB7WwLqQaEu7fTDAjHsTyBsSw==",
      "license": "Apache-2.0",
      "dependencies": {
        "@firebase/component": "0.6.12",
        "@firebase/logger": "0.4.4",
        "@firebase/remote-config": "0.5.0",
        "@firebase/remote-config-types": "0.4.0",
        "@firebase/util": "1.10.3",
        "tslib": "^2.1.0"
      },
      "peerDependencies": {
        "@firebase/app-compat": "0.x"
      }
    },
    "node_modules/@firebase/remote-config-types": {
      "version": "0.4.0",
      "resolved": "https://registry.npmjs.org/@firebase/remote-config-types/-/remote-config-types-0.4.0.tgz",
      "integrity": "sha512-7p3mRE/ldCNYt8fmWMQ/MSGRmXYlJ15Rvs9Rk17t8p0WwZDbeK7eRmoI1tvCPaDzn9Oqh+yD6Lw+sGLsLg4kKg==",
      "license": "Apache-2.0"
    },
    "node_modules/@firebase/storage": {
      "version": "0.13.6",
      "resolved": "https://registry.npmjs.org/@firebase/storage/-/storage-0.13.6.tgz",
      "integrity": "sha512-BEJLYQzVgAoglRl5VRIRZ91RRBZgS/O37/PSGQJBYNuoLmFZUrtwrlLTOAwG776NlO9VQR+K2j15/36Lr2EqHA==",
      "license": "Apache-2.0",
      "dependencies": {
        "@firebase/component": "0.6.12",
        "@firebase/util": "1.10.3",
        "tslib": "^2.1.0"
      },
      "engines": {
        "node": ">=18.0.0"
      },
      "peerDependencies": {
        "@firebase/app": "0.x"
      }
    },
    "node_modules/@firebase/storage-compat": {
      "version": "0.3.16",
      "resolved": "https://registry.npmjs.org/@firebase/storage-compat/-/storage-compat-0.3.16.tgz",
      "integrity": "sha512-EeMuok/s0r938lEomia8XILEqSYULm7HcYZ/GTZLDWur0kMf2ktuPVZiTdRiwEV3Iki7FtQO5txrQ/0pLRVLAw==",
      "license": "Apache-2.0",
      "dependencies": {
        "@firebase/component": "0.6.12",
        "@firebase/storage": "0.13.6",
        "@firebase/storage-types": "0.8.3",
        "@firebase/util": "1.10.3",
        "tslib": "^2.1.0"
      },
      "engines": {
        "node": ">=18.0.0"
      },
      "peerDependencies": {
        "@firebase/app-compat": "0.x"
      }
    },
    "node_modules/@firebase/storage-types": {
      "version": "0.8.3",
      "resolved": "https://registry.npmjs.org/@firebase/storage-types/-/storage-types-0.8.3.tgz",
      "integrity": "sha512-+Muk7g9uwngTpd8xn9OdF/D48uiQ7I1Fae7ULsWPuKoCH3HU7bfFPhxtJYzyhjdniowhuDpQcfPmuNRAqZEfvg==",
      "license": "Apache-2.0",
      "peerDependencies": {
        "@firebase/app-types": "0.x",
        "@firebase/util": "1.x"
      }
    },
    "node_modules/@firebase/util": {
      "version": "1.10.3",
      "resolved": "https://registry.npmjs.org/@firebase/util/-/util-1.10.3.tgz",
      "integrity": "sha512-wfoF5LTy0m2ufUapV0ZnpcGQvuavTbJ5Qr1Ze9OJGL70cSMvhDyjS4w2121XdA3lGZSTOsDOyGhpoDtYwck85A==",
      "license": "Apache-2.0",
      "dependencies": {
        "tslib": "^2.1.0"
      },
      "engines": {
        "node": ">=18.0.0"
      }
    },
    "node_modules/@firebase/vertexai": {
      "version": "1.0.4",
      "resolved": "https://registry.npmjs.org/@firebase/vertexai/-/vertexai-1.0.4.tgz",
      "integrity": "sha512-Nkf/r4u166b4Id6zrrW0Qtg1KyZpQvvYchtkebamnHtIfY+Qnt51I/sx4Saos/WrmO8SnrSU850LfmJ7pehYXg==",
      "license": "Apache-2.0",
      "dependencies": {
        "@firebase/app-check-interop-types": "0.3.3",
        "@firebase/component": "0.6.12",
        "@firebase/logger": "0.4.4",
        "@firebase/util": "1.10.3",
        "tslib": "^2.1.0"
      },
      "engines": {
        "node": ">=18.0.0"
      },
      "peerDependencies": {
        "@firebase/app": "0.x",
        "@firebase/app-types": "0.x"
      }
    },
    "node_modules/@firebase/webchannel-wrapper": {
      "version": "1.0.3",
      "resolved": "https://registry.npmjs.org/@firebase/webchannel-wrapper/-/webchannel-wrapper-1.0.3.tgz",
      "integrity": "sha512-2xCRM9q9FlzGZCdgDMJwc0gyUkWFtkosy7Xxr6sFgQwn+wMNIWd7xIvYNauU1r64B5L5rsGKy/n9TKJ0aAFeqQ==",
      "license": "Apache-2.0"
    },
    "node_modules/@grpc/grpc-js": {
      "version": "1.9.15",
      "resolved": "https://registry.npmjs.org/@grpc/grpc-js/-/grpc-js-1.9.15.tgz",
      "integrity": "sha512-nqE7Hc0AzI+euzUwDAy0aY5hCp10r734gMGRdU+qOPX0XSceI2ULrcXB5U2xSc5VkWwalCj4M7GzCAygZl2KoQ==",
      "license": "Apache-2.0",
      "dependencies": {
        "@grpc/proto-loader": "^0.7.8",
        "@types/node": ">=12.12.47"
      },
      "engines": {
        "node": "^8.13.0 || >=10.10.0"
      }
    },
    "node_modules/@grpc/proto-loader": {
      "version": "0.7.13",
      "resolved": "https://registry.npmjs.org/@grpc/proto-loader/-/proto-loader-0.7.13.tgz",
      "integrity": "sha512-AiXO/bfe9bmxBjxxtYxFAXGZvMaN5s8kO+jBHAJCON8rJoB5YS/D6X7ZNc6XQkuHNmyl4CYaMI1fJ/Gn27RGGw==",
      "license": "Apache-2.0",
      "dependencies": {
        "lodash.camelcase": "^4.3.0",
        "long": "^5.0.0",
        "protobufjs": "^7.2.5",
        "yargs": "^17.7.2"
      },
      "bin": {
        "proto-loader-gen-types": "build/bin/proto-loader-gen-types.js"
      },
      "engines": {
        "node": ">=6"
      }
    },
    "node_modules/@protobufjs/aspromise": {
      "version": "1.1.2",
      "resolved": "https://registry.npmjs.org/@protobufjs/aspromise/-/aspromise-1.1.2.tgz",
      "integrity": "sha512-j+gKExEuLmKwvz3OgROXtrJ2UG2x8Ch2YZUxahh+s1F2HZ+wAceUNLkvy6zKCPVRkU++ZWQrdxsUeQXmcg4uoQ==",
      "license": "BSD-3-Clause"
    },
    "node_modules/@protobufjs/base64": {
      "version": "1.1.2",
      "resolved": "https://registry.npmjs.org/@protobufjs/base64/-/base64-1.1.2.tgz",
      "integrity": "sha512-AZkcAA5vnN/v4PDqKyMR5lx7hZttPDgClv83E//FMNhR2TMcLUhfRUBHCmSl0oi9zMgDDqRUJkSxO3wm85+XLg==",
      "license": "BSD-3-Clause"
    },
    "node_modules/@protobufjs/codegen": {
      "version": "2.0.4",
      "resolved": "https://registry.npmjs.org/@protobufjs/codegen/-/codegen-2.0.4.tgz",
      "integrity": "sha512-YyFaikqM5sH0ziFZCN3xDC7zeGaB/d0IUb9CATugHWbd1FRFwWwt4ld4OYMPWu5a3Xe01mGAULCdqhMlPl29Jg==",
      "license": "BSD-3-Clause"
    },
    "node_modules/@protobufjs/eventemitter": {
      "version": "1.1.0",
      "resolved": "https://registry.npmjs.org/@protobufjs/eventemitter/-/eventemitter-1.1.0.tgz",
      "integrity": "sha512-j9ednRT81vYJ9OfVuXG6ERSTdEL1xVsNgqpkxMsbIabzSo3goCjDIveeGv5d03om39ML71RdmrGNjG5SReBP/Q==",
      "license": "BSD-3-Clause"
    },
    "node_modules/@protobufjs/fetch": {
      "version": "1.1.0",
      "resolved": "https://registry.npmjs.org/@protobufjs/fetch/-/fetch-1.1.0.tgz",
      "integrity": "sha512-lljVXpqXebpsijW71PZaCYeIcE5on1w5DlQy5WH6GLbFryLUrBD4932W/E2BSpfRJWseIL4v/KPgBFxDOIdKpQ==",
      "license": "BSD-3-Clause",
      "dependencies": {
        "@protobufjs/aspromise": "^1.1.1",
        "@protobufjs/inquire": "^1.1.0"
      }
    },
    "node_modules/@protobufjs/float": {
      "version": "1.0.2",
      "resolved": "https://registry.npmjs.org/@protobufjs/float/-/float-1.0.2.tgz",
      "integrity": "sha512-Ddb+kVXlXst9d+R9PfTIxh1EdNkgoRe5tOX6t01f1lYWOvJnSPDBlG241QLzcyPdoNTsblLUdujGSE4RzrTZGQ==",
      "license": "BSD-3-Clause"
    },
    "node_modules/@protobufjs/inquire": {
      "version": "1.1.0",
      "resolved": "https://registry.npmjs.org/@protobufjs/inquire/-/inquire-1.1.0.tgz",
      "integrity": "sha512-kdSefcPdruJiFMVSbn801t4vFK7KB/5gd2fYvrxhuJYg8ILrmn9SKSX2tZdV6V+ksulWqS7aXjBcRXl3wHoD9Q==",
      "license": "BSD-3-Clause"
    },
    "node_modules/@protobufjs/path": {
      "version": "1.1.2",
      "resolved": "https://registry.npmjs.org/@protobufjs/path/-/path-1.1.2.tgz",
      "integrity": "sha512-6JOcJ5Tm08dOHAbdR3GrvP+yUUfkjG5ePsHYczMFLq3ZmMkAD98cDgcT2iA1lJ9NVwFd4tH/iSSoe44YWkltEA==",
      "license": "BSD-3-Clause"
    },
    "node_modules/@protobufjs/pool": {
      "version": "1.1.0",
      "resolved": "https://registry.npmjs.org/@protobufjs/pool/-/pool-1.1.0.tgz",
      "integrity": "sha512-0kELaGSIDBKvcgS4zkjz1PeddatrjYcmMWOlAuAPwAeccUrPHdUqo/J6LiymHHEiJT5NrF1UVwxY14f+fy4WQw==",
      "license": "BSD-3-Clause"
    },
    "node_modules/@protobufjs/utf8": {
      "version": "1.1.0",
      "resolved": "https://registry.npmjs.org/@protobufjs/utf8/-/utf8-1.1.0.tgz",
      "integrity": "sha512-Vvn3zZrhQZkkBE8LSuW3em98c0FwgO4nxzv6OdSxPKJIEKY2bGbHn+mhGIPerzI4twdxaP8/0+06HBpwf345Lw==",
      "license": "BSD-3-Clause"
    },
    "node_modules/@types/node": {
      "version": "22.13.4",
      "resolved": "https://registry.npmjs.org/@types/node/-/node-22.13.4.tgz",
      "integrity": "sha512-ywP2X0DYtX3y08eFVx5fNIw7/uIv8hYUKgXoK8oayJlLnKcRfEYCxWMVE1XagUdVtCJlZT1AU4LXEABW+L1Peg==",
      "license": "MIT",
      "dependencies": {
        "undici-types": "~6.20.0"
      }
    },
    "node_modules/ansi-regex": {
      "version": "5.0.1",
      "resolved": "https://registry.npmjs.org/ansi-regex/-/ansi-regex-5.0.1.tgz",
      "integrity": "sha512-quJQXlTSUGL2LH9SUXo8VwsY4soanhgo6LNSm84E1LBcE8s3O0wpdiRzyR9z/ZZJMlMWv37qOOb9pdJlMUEKFQ==",
      "license": "MIT",
      "engines": {
        "node": ">=8"
      }
    },
    "node_modules/ansi-styles": {
      "version": "4.3.0",
      "resolved": "https://registry.npmjs.org/ansi-styles/-/ansi-styles-4.3.0.tgz",
      "integrity": "sha512-zbB9rCJAT1rbjiVDb2hqKFHNYLxgtk8NURxZ3IZwD3F6NtxbXZQCnnSi1Lkx+IDohdPlFp222wVALIheZJQSEg==",
      "license": "MIT",
      "dependencies": {
        "color-convert": "^2.0.1"
      },
      "engines": {
        "node": ">=8"
      },
      "funding": {
        "url": "https://github.com/chalk/ansi-styles?sponsor=1"
      }
    },
    "node_modules/cliui": {
      "version": "8.0.1",
      "resolved": "https://registry.npmjs.org/cliui/-/cliui-8.0.1.tgz",
      "integrity": "sha512-BSeNnyus75C4//NQ9gQt1/csTXyo/8Sb+afLAkzAptFuMsod9HFokGNudZpi/oQV73hnVK+sR+5PVRMd+Dr7YQ==",
      "license": "ISC",
      "dependencies": {
        "string-width": "^4.2.0",
        "strip-ansi": "^6.0.1",
        "wrap-ansi": "^7.0.0"
      },
      "engines": {
        "node": ">=12"
      }
    },
    "node_modules/color-convert": {
      "version": "2.0.1",
      "resolved": "https://registry.npmjs.org/color-convert/-/color-convert-2.0.1.tgz",
      "integrity": "sha512-RRECPsj7iu/xb5oKYcsFHSppFNnsj/52OVTRKb4zP5onXwVF3zVmmToNcOfGC+CRDpfK/U584fMg38ZHCaElKQ==",
      "license": "MIT",
      "dependencies": {
        "color-name": "~1.1.4"
      },
      "engines": {
        "node": ">=7.0.0"
      }
    },
    "node_modules/color-name": {
      "version": "1.1.4",
      "resolved": "https://registry.npmjs.org/color-name/-/color-name-1.1.4.tgz",
      "integrity": "sha512-dOy+3AuW3a2wNbZHIuMZpTcgjGuLU/uBL/ubcZF9OXbDo8ff4O8yVp5Bf0efS8uEoYo5q4Fx7dY9OgQGXgAsQA==",
      "license": "MIT"
    },
    "node_modules/emoji-regex": {
      "version": "8.0.0",
      "resolved": "https://registry.npmjs.org/emoji-regex/-/emoji-regex-8.0.0.tgz",
      "integrity": "sha512-MSjYzcWNOA0ewAHpz0MxpYFvwg6yjy1NG3xteoqz644VCo/RPgnr1/GGt+ic3iJTzQ8Eu3TdM14SawnVUmGE6A==",
      "license": "MIT"
    },
    "node_modules/escalade": {
      "version": "3.2.0",
      "resolved": "https://registry.npmjs.org/escalade/-/escalade-3.2.0.tgz",
      "integrity": "sha512-WUj2qlxaQtO4g6Pq5c29GTcWGDyd8itL8zTlipgECz3JesAiiOKotd8JU6otB3PACgG6xkJUyVhboMS+bje/jA==",
      "license": "MIT",
      "engines": {
        "node": ">=6"
      }
    },
    "node_modules/faye-websocket": {
      "version": "0.11.4",
      "resolved": "https://registry.npmjs.org/faye-websocket/-/faye-websocket-0.11.4.tgz",
      "integrity": "sha512-CzbClwlXAuiRQAlUyfqPgvPoNKTckTPGfwZV4ZdAhVcP2lh9KUxJg2b5GkE7XbjKQ3YJnQ9z6D9ntLAlB+tP8g==",
      "license": "Apache-2.0",
      "dependencies": {
        "websocket-driver": ">=0.5.1"
      },
      "engines": {
        "node": ">=0.8.0"
      }
    },
    "node_modules/firebase": {
      "version": "11.3.1",
      "resolved": "https://registry.npmjs.org/firebase/-/firebase-11.3.1.tgz",
      "integrity": "sha512-P4YVFM0Bm2d8aO61SCEMF8E1pYgieGLrmr/LFw7vs6sAMebwuwHt+Wug+1qL2fhAHWPwpWbCLsdJH8NQ+4Sw8Q==",
      "license": "Apache-2.0",
      "dependencies": {
        "@firebase/analytics": "0.10.11",
        "@firebase/analytics-compat": "0.2.17",
        "@firebase/app": "0.11.1",
        "@firebase/app-check": "0.8.11",
        "@firebase/app-check-compat": "0.3.18",
        "@firebase/app-compat": "0.2.50",
        "@firebase/app-types": "0.9.3",
        "@firebase/auth": "1.9.0",
        "@firebase/auth-compat": "0.5.18",
        "@firebase/data-connect": "0.3.0",
        "@firebase/database": "1.0.12",
        "@firebase/database-compat": "2.0.3",
        "@firebase/firestore": "4.7.8",
        "@firebase/firestore-compat": "0.3.43",
        "@firebase/functions": "0.12.2",
        "@firebase/functions-compat": "0.3.19",
        "@firebase/installations": "0.6.12",
        "@firebase/installations-compat": "0.2.12",
        "@firebase/messaging": "0.12.16",
        "@firebase/messaging-compat": "0.2.16",
        "@firebase/performance": "0.7.0",
        "@firebase/performance-compat": "0.2.13",
        "@firebase/remote-config": "0.5.0",
        "@firebase/remote-config-compat": "0.2.12",
        "@firebase/storage": "0.13.6",
        "@firebase/storage-compat": "0.3.16",
        "@firebase/util": "1.10.3",
        "@firebase/vertexai": "1.0.4"
      }
    },
    "node_modules/get-caller-file": {
      "version": "2.0.5",
      "resolved": "https://registry.npmjs.org/get-caller-file/-/get-caller-file-2.0.5.tgz",
      "integrity": "sha512-DyFP3BM/3YHTQOCUL/w0OZHR0lpKeGrxotcHWcqNEdnltqFwXVfhEBQ94eIo34AfQpo0rGki4cyIiftY06h2Fg==",
      "license": "ISC",
      "engines": {
        "node": "6.* || 8.* || >= 10.*"
      }
    },
    "node_modules/http-parser-js": {
      "version": "0.5.9",
      "resolved": "https://registry.npmjs.org/http-parser-js/-/http-parser-js-0.5.9.tgz",
      "integrity": "sha512-n1XsPy3rXVxlqxVioEWdC+0+M+SQw0DpJynwtOPo1X+ZlvdzTLtDBIJJlDQTnwZIFJrZSzSGmIOUdP8tu+SgLw==",
      "license": "MIT"
    },
    "node_modules/idb": {
      "version": "7.1.1",
      "resolved": "https://registry.npmjs.org/idb/-/idb-7.1.1.tgz",
      "integrity": "sha512-gchesWBzyvGHRO9W8tzUWFDycow5gwjvFKfyV9FF32Y7F50yZMp7mP+T2mJIWFx49zicqyC4uefHM17o6xKIVQ==",
      "license": "ISC"
    },
    "node_modules/is-fullwidth-code-point": {
      "version": "3.0.0",
      "resolved": "https://registry.npmjs.org/is-fullwidth-code-point/-/is-fullwidth-code-point-3.0.0.tgz",
      "integrity": "sha512-zymm5+u+sCsSWyD9qNaejV3DFvhCKclKdizYaJUuHA83RLjb7nSuGnddCHGv0hk+KY7BMAlsWeK4Ueg6EV6XQg==",
      "license": "MIT",
      "engines": {
        "node": ">=8"
      }
    },
    "node_modules/lodash.camelcase": {
      "version": "4.3.0",
      "resolved": "https://registry.npmjs.org/lodash.camelcase/-/lodash.camelcase-4.3.0.tgz",
      "integrity": "sha512-TwuEnCnxbc3rAvhf/LbG7tJUDzhqXyFnv3dtzLOPgCG/hODL7WFnsbwktkD7yUV0RrreP/l1PALq/YSg6VvjlA==",
      "license": "MIT"
    },
    "node_modules/long": {
      "version": "5.3.1",
      "resolved": "https://registry.npmjs.org/long/-/long-5.3.1.tgz",
      "integrity": "sha512-ka87Jz3gcx/I7Hal94xaN2tZEOPoUOEVftkQqZx2EeQRN7LGdfLlI3FvZ+7WDplm+vK2Urx9ULrvSowtdCieng==",
      "license": "Apache-2.0"
    },
    "node_modules/protobufjs": {
      "version": "7.4.0",
      "resolved": "https://registry.npmjs.org/protobufjs/-/protobufjs-7.4.0.tgz",
      "integrity": "sha512-mRUWCc3KUU4w1jU8sGxICXH/gNS94DvI1gxqDvBzhj1JpcsimQkYiOJfwsPUykUI5ZaspFbSgmBLER8IrQ3tqw==",
      "hasInstallScript": true,
      "license": "BSD-3-Clause",
      "dependencies": {
        "@protobufjs/aspromise": "^1.1.2",
        "@protobufjs/base64": "^1.1.2",
        "@protobufjs/codegen": "^2.0.4",
        "@protobufjs/eventemitter": "^1.1.0",
        "@protobufjs/fetch": "^1.1.0",
        "@protobufjs/float": "^1.0.2",
        "@protobufjs/inquire": "^1.1.0",
        "@protobufjs/path": "^1.1.2",
        "@protobufjs/pool": "^1.1.0",
        "@protobufjs/utf8": "^1.1.0",
        "@types/node": ">=13.7.0",
        "long": "^5.0.0"
      },
      "engines": {
        "node": ">=12.0.0"
      }
    },
    "node_modules/require-directory": {
      "version": "2.1.1",
      "resolved": "https://registry.npmjs.org/require-directory/-/require-directory-2.1.1.tgz",
      "integrity": "sha512-fGxEI7+wsG9xrvdjsrlmL22OMTTiHRwAMroiEeMgq8gzoLC/PQr7RsRDSTLUg/bZAZtF+TVIkHc6/4RIKrui+Q==",
      "license": "MIT",
      "engines": {
        "node": ">=0.10.0"
      }
    },
    "node_modules/safe-buffer": {
      "version": "5.2.1",
      "resolved": "https://registry.npmjs.org/safe-buffer/-/safe-buffer-5.2.1.tgz",
      "integrity": "sha512-rp3So07KcdmmKbGvgaNxQSJr7bGVSVk5S9Eq1F+ppbRo70+YeaDxkw5Dd8NPN+GD6bjnYm2VuPuCXmpuYvmCXQ==",
      "funding": [
        {
          "type": "github",
          "url": "https://github.com/sponsors/feross"
        },
        {
          "type": "patreon",
          "url": "https://www.patreon.com/feross"
        },
        {
          "type": "consulting",
          "url": "https://feross.org/support"
        }
      ],
      "license": "MIT"
    },
    "node_modules/string-width": {
      "version": "4.2.3",
      "resolved": "https://registry.npmjs.org/string-width/-/string-width-4.2.3.tgz",
      "integrity": "sha512-wKyQRQpjJ0sIp62ErSZdGsjMJWsap5oRNihHhu6G7JVO/9jIB6UyevL+tXuOqrng8j/cxKTWyWUwvSTriiZz/g==",
      "license": "MIT",
      "dependencies": {
        "emoji-regex": "^8.0.0",
        "is-fullwidth-code-point": "^3.0.0",
        "strip-ansi": "^6.0.1"
      },
      "engines": {
        "node": ">=8"
      }
    },
    "node_modules/strip-ansi": {
      "version": "6.0.1",
      "resolved": "https://registry.npmjs.org/strip-ansi/-/strip-ansi-6.0.1.tgz",
      "integrity": "sha512-Y38VPSHcqkFrCpFnQ9vuSXmquuv5oXOKpGeT6aGrr3o3Gc9AlVa6JBfUSOCnbxGGZF+/0ooI7KrPuUSztUdU5A==",
      "license": "MIT",
      "dependencies": {
        "ansi-regex": "^5.0.1"
      },
      "engines": {
        "node": ">=8"
      }
    },
    "node_modules/tslib": {
      "version": "2.8.1",
      "resolved": "https://registry.npmjs.org/tslib/-/tslib-2.8.1.tgz",
      "integrity": "sha512-oJFu94HQb+KVduSUQL7wnpmqnfmLsOA/nAh6b6EH0wCEoK0/mPeXU6c3wKDV83MkOuHPRHtSXKKU99IBazS/2w==",
      "license": "0BSD"
    },
    "node_modules/undici-types": {
      "version": "6.20.0",
      "resolved": "https://registry.npmjs.org/undici-types/-/undici-types-6.20.0.tgz",
      "integrity": "sha512-Ny6QZ2Nju20vw1SRHe3d9jVu6gJ+4e3+MMpqu7pqE5HT6WsTSlce++GQmK5UXS8mzV8DSYHrQH+Xrf2jVcuKNg==",
      "license": "MIT"
    },
    "node_modules/web-vitals": {
      "version": "4.2.4",
      "resolved": "https://registry.npmjs.org/web-vitals/-/web-vitals-4.2.4.tgz",
      "integrity": "sha512-r4DIlprAGwJ7YM11VZp4R884m0Vmgr6EAKe3P+kO0PPj3Unqyvv59rczf6UiGcb9Z8QxZVcqKNwv/g0WNdWwsw==",
      "license": "Apache-2.0"
    },
    "node_modules/websocket-driver": {
      "version": "0.7.4",
      "resolved": "https://registry.npmjs.org/websocket-driver/-/websocket-driver-0.7.4.tgz",
      "integrity": "sha512-b17KeDIQVjvb0ssuSDF2cYXSg2iztliJ4B9WdsuB6J952qCPKmnVq4DyW5motImXHDC1cBT/1UezrJVsKw5zjg==",
      "license": "Apache-2.0",
      "dependencies": {
        "http-parser-js": ">=0.5.1",
        "safe-buffer": ">=5.1.0",
        "websocket-extensions": ">=0.1.1"
      },
      "engines": {
        "node": ">=0.8.0"
      }
    },
    "node_modules/websocket-extensions": {
      "version": "0.1.4",
      "resolved": "https://registry.npmjs.org/websocket-extensions/-/websocket-extensions-0.1.4.tgz",
      "integrity": "sha512-OqedPIGOfsDlo31UNwYbCFMSaO9m9G/0faIHj5/dZFDMFqPTcx6UwqyOy3COEaEOg/9VsGIpdqn62W5KhoKSpg==",
      "license": "Apache-2.0",
      "engines": {
        "node": ">=0.8.0"
      }
    },
    "node_modules/wrap-ansi": {
      "version": "7.0.0",
      "resolved": "https://registry.npmjs.org/wrap-ansi/-/wrap-ansi-7.0.0.tgz",
      "integrity": "sha512-YVGIj2kamLSTxw6NsZjoBxfSwsn0ycdesmc4p+Q21c5zPuZ1pl+NfxVdxPtdHvmNVOQ6XSYG4AUtyt/Fi7D16Q==",
      "license": "MIT",
      "dependencies": {
        "ansi-styles": "^4.0.0",
        "string-width": "^4.1.0",
        "strip-ansi": "^6.0.0"
      },
      "engines": {
        "node": ">=10"
      },
      "funding": {
        "url": "https://github.com/chalk/wrap-ansi?sponsor=1"
      }
    },
    "node_modules/y18n": {
      "version": "5.0.8",
      "resolved": "https://registry.npmjs.org/y18n/-/y18n-5.0.8.tgz",
      "integrity": "sha512-0pfFzegeDWJHJIAmTLRP2DwHjdF5s7jo9tuztdQxAhINCdvS+3nGINqPd00AphqJR/0LhANUS6/+7SCb98YOfA==",
      "license": "ISC",
      "engines": {
        "node": ">=10"
      }
    },
    "node_modules/yargs": {
      "version": "17.7.2",
      "resolved": "https://registry.npmjs.org/yargs/-/yargs-17.7.2.tgz",
      "integrity": "sha512-7dSzzRQ++CKnNI/krKnYRV7JKKPUXMEh61soaHKg9mrWEhzFWhFnxPxGl+69cD1Ou63C13NUPCnmIcrvqCuM6w==",
      "license": "MIT",
      "dependencies": {
        "cliui": "^8.0.1",
        "escalade": "^3.1.1",
        "get-caller-file": "^2.0.5",
        "require-directory": "^2.1.1",
        "string-width": "^4.2.3",
        "y18n": "^5.0.5",
        "yargs-parser": "^21.1.1"
      },
      "engines": {
        "node": ">=12"
      }
    },
    "node_modules/yargs-parser": {
      "version": "21.1.1",
      "resolved": "https://registry.npmjs.org/yargs-parser/-/yargs-parser-21.1.1.tgz",
      "integrity": "sha512-tVpsJW7DdjecAiFpbIB1e3qxIQsE6NoPc5/eTdrbbIC4h0LVsWhnoa3g+m2HclBIujHzsxZ4VJVA+GUuc2/LBw==",
      "license": "ISC",
      "engines": {
        "node": ">=12"
      }
    }
  }
}
