{
  "requires": true,
  "lockfileVersion": 1,
  "dependencies": {
    "@firebase/analytics": {
      "version": "0.3.6",
      "resolved": "https://registry.npmjs.org/@firebase/analytics/-/analytics-0.3.6.tgz",
      "integrity": "sha512-OgBPLsLcYSLBCBLMkuOPnW2YmGo0ruVBtnZ1Yhk0y54oCtrAcm0ijuI98h0evAdA7XfHPgmfKRpke9rU2X9OQQ==",
      "requires": {
        "@firebase/analytics-types": "0.3.1",
        "@firebase/component": "0.1.13",
        "@firebase/installations": "0.4.11",
        "@firebase/logger": "0.2.5",
        "@firebase/util": "0.2.48",
        "tslib": "1.11.1"
      },
      "dependencies": {
        "@firebase/component": {
          "version": "0.1.13",
          "resolved": "https://registry.npmjs.org/@firebase/component/-/component-0.1.13.tgz",
          "integrity": "sha512-DuSIM96NQkE3Yo77IOa5BWw8VBdvCR5cbMLNiFT4X3dTU15Dm0zHjncQHt/6rQpABGNYWAfOCJmSU1v6vc3DFA==",
          "requires": {
            "@firebase/util": "0.2.48",
            "tslib": "1.11.1"
          }
        },
        "@firebase/logger": {
          "version": "0.2.5",
          "resolved": "https://registry.npmjs.org/@firebase/logger/-/logger-0.2.5.tgz",
          "integrity": "sha512-qqw3m0tWs/qrg7axTZG/QZq24DIMdSY6dGoWuBn08ddq7+GLF5HiqkRj71XznYeUUbfRq5W9C/PSFnN4JxX+WA=="
        },
        "@firebase/util": {
          "version": "0.2.48",
          "resolved": "https://registry.npmjs.org/@firebase/util/-/util-0.2.48.tgz",
          "integrity": "sha512-6Wzq6IBF//3mrMTmTQ+JmceM0PMQpxV2GVfXhZn/4sMMkkhB0MA908nPDnatoHwUKyWE3BMw+uTLkyBnkuTu5A==",
          "requires": {
            "tslib": "1.11.1"
          }
        }
      }
    },
    "@firebase/analytics-types": {
      "version": "0.3.1",
      "resolved": "https://registry.npmjs.org/@firebase/analytics-types/-/analytics-types-0.3.1.tgz",
      "integrity": "sha512-63vVJ5NIBh/JF8l9LuPrQYSzFimk7zYHySQB4Dk9rVdJ8kV/vGQoVTvRu1UW05sEc2Ug5PqtEChtTHU+9hvPcA=="
    },
    "@firebase/app": {
      "version": "0.5.6",
      "resolved": "https://registry.npmjs.org/@firebase/app/-/app-0.5.6.tgz",
      "integrity": "sha512-FzO0dgIXQgLFOETdM3p6zMdGTee+hnOUqU0KC24n8+gqX833atGX4Vrc47H53EAiR7sW6ESHsyAfJcvGPBi37Q==",
      "requires": {
        "@firebase/app-types": "0.5.3",
        "@firebase/component": "0.1.7",
        "@firebase/logger": "0.1.37",
        "@firebase/util": "0.2.42",
        "dom-storage": "2.1.0",
        "tslib": "1.11.1",
        "xmlhttprequest": "1.8.0"
      }
    },
    "@firebase/app-types": {
      "version": "0.5.3",
      "resolved": "https://registry.npmjs.org/@firebase/app-types/-/app-types-0.5.3.tgz",
      "integrity": "sha512-PH1egwhlEhZSp7/jiUNszG1BX1NBUuL86Zd1ZoXT3qaFS9YSGGEY7n0DKgI0fWoVa5GzfbzKOC+J1e4T/+PY1Q=="
    },
    "@firebase/auth": {
      "version": "0.14.6",
      "resolved": "https://registry.npmjs.org/@firebase/auth/-/auth-0.14.6.tgz",
      "integrity": "sha512-7gaEUWhUubWBGfOXAZvpTpJqBJT9KyG83RXC6VnjSQIfNUaarHZ485WkzERil43A6KvIl+f4kHxfZShE6ZCK3A==",
      "requires": {
        "@firebase/auth-types": "0.10.1"
      }
    },
    "@firebase/auth-interop-types": {
      "version": "0.1.5",
      "resolved": "https://registry.npmjs.org/@firebase/auth-interop-types/-/auth-interop-types-0.1.5.tgz",
      "integrity": "sha512-88h74TMQ6wXChPA6h9Q3E1Jg6TkTHep2+k63OWg3s0ozyGVMeY+TTOti7PFPzq5RhszQPQOoCi59es4MaRvgCw=="
    },
    "@firebase/auth-types": {
      "version": "0.10.1",
      "resolved": "https://registry.npmjs.org/@firebase/auth-types/-/auth-types-0.10.1.tgz",
      "integrity": "sha512-/+gBHb1O9x/YlG7inXfxff/6X3BPZt4zgBv4kql6HEmdzNQCodIRlEYnI+/da+lN+dha7PjaFH7C7ewMmfV7rw=="
    },
    "@firebase/component": {
      "version": "0.1.7",
      "resolved": "https://registry.npmjs.org/@firebase/component/-/component-0.1.7.tgz",
      "integrity": "sha512-FAoi1ELlrVY9Uy9zzTlhc+3nn5VdYe36C/OpDnFXb2K/AH0jR6wcVTvLqGYFBPFVjgqO5MKCn3Mq3DCnro8QGg==",
      "requires": {
        "@firebase/util": "0.2.42",
        "tslib": "1.11.1"
      }
    },
    "@firebase/database": {
      "version": "0.6.4",
      "resolved": "https://registry.npmjs.org/@firebase/database/-/database-0.6.4.tgz",
      "integrity": "sha512-m3jaElEEXhr3a9D+M/kbDuRCQG5EmrnSqyEq7iNk3s5ankIrALid0AYm2RZF764F/DIeMFtAzng4EyyEqsaQlQ==",
      "requires": {
        "@firebase/auth-interop-types": "0.1.5",
        "@firebase/component": "0.1.13",
        "@firebase/database-types": "0.5.1",
        "@firebase/logger": "0.2.5",
        "@firebase/util": "0.2.48",
        "faye-websocket": "0.11.3",
        "tslib": "1.11.1"
      },
      "dependencies": {
        "@firebase/component": {
          "version": "0.1.13",
          "resolved": "https://registry.npmjs.org/@firebase/component/-/component-0.1.13.tgz",
          "integrity": "sha512-DuSIM96NQkE3Yo77IOa5BWw8VBdvCR5cbMLNiFT4X3dTU15Dm0zHjncQHt/6rQpABGNYWAfOCJmSU1v6vc3DFA==",
          "requires": {
            "@firebase/util": "0.2.48",
            "tslib": "1.11.1"
          }
        },
        "@firebase/logger": {
          "version": "0.2.5",
          "resolved": "https://registry.npmjs.org/@firebase/logger/-/logger-0.2.5.tgz",
          "integrity": "sha512-qqw3m0tWs/qrg7axTZG/QZq24DIMdSY6dGoWuBn08ddq7+GLF5HiqkRj71XznYeUUbfRq5W9C/PSFnN4JxX+WA=="
        },
        "@firebase/util": {
          "version": "0.2.48",
          "resolved": "https://registry.npmjs.org/@firebase/util/-/util-0.2.48.tgz",
          "integrity": "sha512-6Wzq6IBF//3mrMTmTQ+JmceM0PMQpxV2GVfXhZn/4sMMkkhB0MA908nPDnatoHwUKyWE3BMw+uTLkyBnkuTu5A==",
          "requires": {
            "tslib": "1.11.1"
          }
        }
      }
    },
    "@firebase/database-types": {
      "version": "0.5.1",
      "resolved": "https://registry.npmjs.org/@firebase/database-types/-/database-types-0.5.1.tgz",
      "integrity": "sha512-onQxom1ZBYBJ648w/VNRzUewovEDAH7lvnrrpCd69ukkyrMk6rGEO/PQ9BcNEbhlNtukpsqRS0oNOFlHs0FaSA==",
      "requires": {
        "@firebase/app-types": "0.6.1"
      },
      "dependencies": {
        "@firebase/app-types": {
          "version": "0.6.1",
          "resolved": "https://registry.npmjs.org/@firebase/app-types/-/app-types-0.6.1.tgz",
          "integrity": "sha512-L/ZnJRAq7F++utfuoTKX4CLBG5YR7tFO3PLzG1/oXXKEezJ0kRL3CMRoueBEmTCzVb/6SIs2Qlaw++uDgi5Xyg=="
        }
      }
    },
    "@firebase/firestore": {
      "version": "1.15.1",
      "resolved": "https://registry.npmjs.org/@firebase/firestore/-/firestore-1.15.1.tgz",
      "integrity": "sha512-M3AfKppTh22doL7IwwUasvjPu8yqPI0lAmmtc5lOeenXbDI48UK919iuzIQ5N1viUUzgwplrzKlTZaLi9At0rg==",
      "requires": {
        "@firebase/component": "0.1.13",
        "@firebase/firestore-types": "1.11.0",
        "@firebase/logger": "0.2.5",
        "@firebase/util": "0.2.48",
        "@firebase/webchannel-wrapper": "0.2.41",
        "@grpc/grpc-js": "0.8.1",
        "@grpc/proto-loader": "^0.5.0",
        "tslib": "1.11.1"
      },
      "dependencies": {
        "@firebase/component": {
          "version": "0.1.13",
          "resolved": "https://registry.npmjs.org/@firebase/component/-/component-0.1.13.tgz",
          "integrity": "sha512-DuSIM96NQkE3Yo77IOa5BWw8VBdvCR5cbMLNiFT4X3dTU15Dm0zHjncQHt/6rQpABGNYWAfOCJmSU1v6vc3DFA==",
          "requires": {
            "@firebase/util": "0.2.48",
            "tslib": "1.11.1"
          }
        },
        "@firebase/logger": {
          "version": "0.2.5",
          "resolved": "https://registry.npmjs.org/@firebase/logger/-/logger-0.2.5.tgz",
          "integrity": "sha512-qqw3m0tWs/qrg7axTZG/QZq24DIMdSY6dGoWuBn08ddq7+GLF5HiqkRj71XznYeUUbfRq5W9C/PSFnN4JxX+WA=="
        },
        "@firebase/util": {
          "version": "0.2.48",
          "resolved": "https://registry.npmjs.org/@firebase/util/-/util-0.2.48.tgz",
          "integrity": "sha512-6Wzq6IBF//3mrMTmTQ+JmceM0PMQpxV2GVfXhZn/4sMMkkhB0MA908nPDnatoHwUKyWE3BMw+uTLkyBnkuTu5A==",
          "requires": {
            "tslib": "1.11.1"
          }
        }
      }
    },
    "@firebase/firestore-types": {
      "version": "1.11.0",
      "resolved": "https://registry.npmjs.org/@firebase/firestore-types/-/firestore-types-1.11.0.tgz",
      "integrity": "sha512-hD7+cmMUvT5OJeWVrcRkE87PPuj/0/Wic6bntCopJE1WIX/Dm117AUkHgKd3S7Ici6DLp4bdlx1MjjwWL5942w=="
    },
    "@firebase/functions": {
      "version": "0.4.45",
      "resolved": "https://registry.npmjs.org/@firebase/functions/-/functions-0.4.45.tgz",
      "integrity": "sha512-Sy0D+52bkabdapTGxPlX+1b2FH+0BEJBmboLfM7EySZV/32oI277pDYKhyp9Pm//eOLspMOpEDvJz1WK8xmQcw==",
      "requires": {
        "@firebase/component": "0.1.13",
        "@firebase/functions-types": "0.3.17",
        "@firebase/messaging-types": "0.4.5",
        "isomorphic-fetch": "2.2.1",
        "tslib": "1.11.1"
      },
      "dependencies": {
        "@firebase/component": {
          "version": "0.1.13",
          "resolved": "https://registry.npmjs.org/@firebase/component/-/component-0.1.13.tgz",
          "integrity": "sha512-DuSIM96NQkE3Yo77IOa5BWw8VBdvCR5cbMLNiFT4X3dTU15Dm0zHjncQHt/6rQpABGNYWAfOCJmSU1v6vc3DFA==",
          "requires": {
            "@firebase/util": "0.2.48",
            "tslib": "1.11.1"
          }
        },
        "@firebase/util": {
          "version": "0.2.48",
          "resolved": "https://registry.npmjs.org/@firebase/util/-/util-0.2.48.tgz",
          "integrity": "sha512-6Wzq6IBF//3mrMTmTQ+JmceM0PMQpxV2GVfXhZn/4sMMkkhB0MA908nPDnatoHwUKyWE3BMw+uTLkyBnkuTu5A==",
          "requires": {
            "tslib": "1.11.1"
          }
        }
      }
    },
    "@firebase/functions-types": {
      "version": "0.3.17",
      "resolved": "https://registry.npmjs.org/@firebase/functions-types/-/functions-types-0.3.17.tgz",
      "integrity": "sha512-DGR4i3VI55KnYk4IxrIw7+VG7Q3gA65azHnZxo98Il8IvYLr2UTBlSh72dTLlDf25NW51HqvJgYJDKvSaAeyHQ=="
    },
    "@firebase/installations": {
      "version": "0.4.11",
      "resolved": "https://registry.npmjs.org/@firebase/installations/-/installations-0.4.11.tgz",
      "integrity": "sha512-ri+8O6vZPF0JKXboMzYFAbN7rn0OeUKLeMuCWdKZGJZD8NS8NRk/YvGRBa+IrkrwBeNNA/bMBUTEnhjN4CdVgQ==",
      "requires": {
        "@firebase/component": "0.1.13",
        "@firebase/installations-types": "0.3.4",
        "@firebase/util": "0.2.48",
        "idb": "3.0.2",
        "tslib": "1.11.1"
      },
      "dependencies": {
        "@firebase/component": {
          "version": "0.1.13",
          "resolved": "https://registry.npmjs.org/@firebase/component/-/component-0.1.13.tgz",
          "integrity": "sha512-DuSIM96NQkE3Yo77IOa5BWw8VBdvCR5cbMLNiFT4X3dTU15Dm0zHjncQHt/6rQpABGNYWAfOCJmSU1v6vc3DFA==",
          "requires": {
            "@firebase/util": "0.2.48",
            "tslib": "1.11.1"
          }
        },
        "@firebase/util": {
          "version": "0.2.48",
          "resolved": "https://registry.npmjs.org/@firebase/util/-/util-0.2.48.tgz",
          "integrity": "sha512-6Wzq6IBF//3mrMTmTQ+JmceM0PMQpxV2GVfXhZn/4sMMkkhB0MA908nPDnatoHwUKyWE3BMw+uTLkyBnkuTu5A==",
          "requires": {
            "tslib": "1.11.1"
          }
        }
      }
    },
    "@firebase/installations-types": {
      "version": "0.3.4",
      "resolved": "https://registry.npmjs.org/@firebase/installations-types/-/installations-types-0.3.4.tgz",
      "integrity": "sha512-RfePJFovmdIXb6rYwtngyxuEcWnOrzdZd9m7xAW0gRxDIjBT20n3BOhjpmgRWXo/DAxRmS7bRjWAyTHY9cqN7Q=="
    },
    "@firebase/logger": {
      "version": "0.1.37",
      "resolved": "https://registry.npmjs.org/@firebase/logger/-/logger-0.1.37.tgz",
      "integrity": "sha512-uiVVfVlhCZLfUBqOCUuh8V3t+8lKTFJ6mgDoH99YFbuWYUUch8OHWQG70qg/I6m7IRIZLtHyPt3OCxYgI0R6Yw=="
    },
    "@firebase/messaging": {
      "version": "0.6.17",
      "resolved": "https://registry.npmjs.org/@firebase/messaging/-/messaging-0.6.17.tgz",
      "integrity": "sha512-wwAn2HrklhBxHpk5UpudJ0wCrlUC9ovFJ88cSOALf82po423IOwR5ijq1z2zKzZiz4D1dLv7rJIqZ0N1MZ/Giw==",
      "requires": {
        "@firebase/component": "0.1.13",
        "@firebase/installations": "0.4.11",
        "@firebase/messaging-types": "0.4.5",
        "@firebase/util": "0.2.48",
        "idb": "3.0.2",
        "tslib": "1.11.1"
      },
      "dependencies": {
        "@firebase/component": {
          "version": "0.1.13",
          "resolved": "https://registry.npmjs.org/@firebase/component/-/component-0.1.13.tgz",
          "integrity": "sha512-DuSIM96NQkE3Yo77IOa5BWw8VBdvCR5cbMLNiFT4X3dTU15Dm0zHjncQHt/6rQpABGNYWAfOCJmSU1v6vc3DFA==",
          "requires": {
            "@firebase/util": "0.2.48",
            "tslib": "1.11.1"
          }
        },
        "@firebase/util": {
          "version": "0.2.48",
          "resolved": "https://registry.npmjs.org/@firebase/util/-/util-0.2.48.tgz",
          "integrity": "sha512-6Wzq6IBF//3mrMTmTQ+JmceM0PMQpxV2GVfXhZn/4sMMkkhB0MA908nPDnatoHwUKyWE3BMw+uTLkyBnkuTu5A==",
          "requires": {
            "tslib": "1.11.1"
          }
        }
      }
    },
    "@firebase/messaging-types": {
      "version": "0.4.5",
      "resolved": "https://registry.npmjs.org/@firebase/messaging-types/-/messaging-types-0.4.5.tgz",
      "integrity": "sha512-sux4fgqr/0KyIxqzHlatI04Ajs5rc3WM+WmtCpxrKP1E5Bke8xu/0M+2oy4lK/sQ7nov9z15n3iltAHCgTRU3Q=="
    },
    "@firebase/performance": {
      "version": "0.3.6",
      "resolved": "https://registry.npmjs.org/@firebase/performance/-/performance-0.3.6.tgz",
      "integrity": "sha512-AB+ohBYgF8fe9FacDAcwJaBLRrXgt93no6Pj14xzQ4oX31dQpPrWZdFfNYEUZRU1Gnb/fqWlCaBTObzUXD5cag==",
      "requires": {
        "@firebase/component": "0.1.13",
        "@firebase/installations": "0.4.11",
        "@firebase/logger": "0.2.5",
        "@firebase/performance-types": "0.0.13",
        "@firebase/util": "0.2.48",
        "tslib": "1.11.1"
      },
      "dependencies": {
        "@firebase/component": {
          "version": "0.1.13",
          "resolved": "https://registry.npmjs.org/@firebase/component/-/component-0.1.13.tgz",
          "integrity": "sha512-DuSIM96NQkE3Yo77IOa5BWw8VBdvCR5cbMLNiFT4X3dTU15Dm0zHjncQHt/6rQpABGNYWAfOCJmSU1v6vc3DFA==",
          "requires": {
            "@firebase/util": "0.2.48",
            "tslib": "1.11.1"
          }
        },
        "@firebase/logger": {
          "version": "0.2.5",
          "resolved": "https://registry.npmjs.org/@firebase/logger/-/logger-0.2.5.tgz",
          "integrity": "sha512-qqw3m0tWs/qrg7axTZG/QZq24DIMdSY6dGoWuBn08ddq7+GLF5HiqkRj71XznYeUUbfRq5W9C/PSFnN4JxX+WA=="
        },
        "@firebase/util": {
          "version": "0.2.48",
          "resolved": "https://registry.npmjs.org/@firebase/util/-/util-0.2.48.tgz",
          "integrity": "sha512-6Wzq6IBF//3mrMTmTQ+JmceM0PMQpxV2GVfXhZn/4sMMkkhB0MA908nPDnatoHwUKyWE3BMw+uTLkyBnkuTu5A==",
          "requires": {
            "tslib": "1.11.1"
          }
        }
      }
    },
    "@firebase/performance-types": {
      "version": "0.0.13",
      "resolved": "https://registry.npmjs.org/@firebase/performance-types/-/performance-types-0.0.13.tgz",
      "integrity": "sha512-6fZfIGjQpwo9S5OzMpPyqgYAUZcFzZxHFqOyNtorDIgNXq33nlldTL/vtaUZA8iT9TT5cJlCrF/jthKU7X21EA=="
    },
    "@firebase/polyfill": {
      "version": "0.3.36",
      "resolved": "https://registry.npmjs.org/@firebase/polyfill/-/polyfill-0.3.36.tgz",
      "integrity": "sha512-zMM9oSJgY6cT2jx3Ce9LYqb0eIpDE52meIzd/oe/y70F+v9u1LDqk5kUF5mf16zovGBWMNFmgzlsh6Wj0OsFtg==",
      "requires": {
        "core-js": "3.6.5",
        "promise-polyfill": "8.1.3",
        "whatwg-fetch": "2.0.4"
      },
      "dependencies": {
        "whatwg-fetch": {
          "version": "2.0.4",
          "resolved": "https://registry.npmjs.org/whatwg-fetch/-/whatwg-fetch-2.0.4.tgz",
          "integrity": "sha512-dcQ1GWpOD/eEQ97k66aiEVpNnapVj90/+R+SXTPYGHpYBBypfKJEQjLrvMZ7YXbKm21gXd4NcuxUTjiv1YtLng=="
        }
      }
    },
    "@firebase/remote-config": {
      "version": "0.1.22",
      "resolved": "https://registry.npmjs.org/@firebase/remote-config/-/remote-config-0.1.22.tgz",
      "integrity": "sha512-xX/b+euI/RP1qAWqNI5YkZ4VFNL00CI7jBJmPzoBbSl1vVglR1ya7u1fbC5SeowxnD1/0QIOYbe5sdnqjmLsyg==",
      "requires": {
        "@firebase/component": "0.1.13",
        "@firebase/installations": "0.4.11",
        "@firebase/logger": "0.2.5",
        "@firebase/remote-config-types": "0.1.9",
        "@firebase/util": "0.2.48",
        "tslib": "1.11.1"
      },
      "dependencies": {
        "@firebase/component": {
          "version": "0.1.13",
          "resolved": "https://registry.npmjs.org/@firebase/component/-/component-0.1.13.tgz",
          "integrity": "sha512-DuSIM96NQkE3Yo77IOa5BWw8VBdvCR5cbMLNiFT4X3dTU15Dm0zHjncQHt/6rQpABGNYWAfOCJmSU1v6vc3DFA==",
          "requires": {
            "@firebase/util": "0.2.48",
            "tslib": "1.11.1"
          }
        },
        "@firebase/logger": {
          "version": "0.2.5",
          "resolved": "https://registry.npmjs.org/@firebase/logger/-/logger-0.2.5.tgz",
          "integrity": "sha512-qqw3m0tWs/qrg7axTZG/QZq24DIMdSY6dGoWuBn08ddq7+GLF5HiqkRj71XznYeUUbfRq5W9C/PSFnN4JxX+WA=="
        },
        "@firebase/util": {
          "version": "0.2.48",
          "resolved": "https://registry.npmjs.org/@firebase/util/-/util-0.2.48.tgz",
          "integrity": "sha512-6Wzq6IBF//3mrMTmTQ+JmceM0PMQpxV2GVfXhZn/4sMMkkhB0MA908nPDnatoHwUKyWE3BMw+uTLkyBnkuTu5A==",
          "requires": {
            "tslib": "1.11.1"
          }
        }
      }
    },
    "@firebase/remote-config-types": {
      "version": "0.1.9",
      "resolved": "https://registry.npmjs.org/@firebase/remote-config-types/-/remote-config-types-0.1.9.tgz",
      "integrity": "sha512-G96qnF3RYGbZsTRut7NBX0sxyczxt1uyCgXQuH/eAfUCngxjEGcZQnBdy6mvSdqdJh5mC31rWPO4v9/s7HwtzA=="
    },
    "@firebase/storage": {
      "version": "0.3.35",
      "resolved": "https://registry.npmjs.org/@firebase/storage/-/storage-0.3.35.tgz",
      "integrity": "sha512-kS+P5X3lla9bpeWVwmRzJ5atMDPlhLPa8jgutN9vWXWfVnlj82U8VqeAqWc8ndHumHiV0TYLDk9DdGfs6rFL3w==",
      "requires": {
        "@firebase/component": "0.1.13",
        "@firebase/storage-types": "0.3.12",
        "@firebase/util": "0.2.48",
        "tslib": "1.11.1"
      },
      "dependencies": {
        "@firebase/component": {
          "version": "0.1.13",
          "resolved": "https://registry.npmjs.org/@firebase/component/-/component-0.1.13.tgz",
          "integrity": "sha512-DuSIM96NQkE3Yo77IOa5BWw8VBdvCR5cbMLNiFT4X3dTU15Dm0zHjncQHt/6rQpABGNYWAfOCJmSU1v6vc3DFA==",
          "requires": {
            "@firebase/util": "0.2.48",
            "tslib": "1.11.1"
          }
        },
        "@firebase/util": {
          "version": "0.2.48",
          "resolved": "https://registry.npmjs.org/@firebase/util/-/util-0.2.48.tgz",
          "integrity": "sha512-6Wzq6IBF//3mrMTmTQ+JmceM0PMQpxV2GVfXhZn/4sMMkkhB0MA908nPDnatoHwUKyWE3BMw+uTLkyBnkuTu5A==",
          "requires": {
            "tslib": "1.11.1"
          }
        }
      }
    },
    "@firebase/storage-types": {
      "version": "0.3.12",
      "resolved": "https://registry.npmjs.org/@firebase/storage-types/-/storage-types-0.3.12.tgz",
      "integrity": "sha512-DDV6Fs6aYoGw3w/zZZTkqiipxihnsvHf6znbeZYjIIHit3tr1uLJdGPDPiCTfZcTGPpg2ux6ZmvNDvVgJdHALw=="
    },
    "@firebase/util": {
      "version": "0.2.42",
      "resolved": "https://registry.npmjs.org/@firebase/util/-/util-0.2.42.tgz",
      "integrity": "sha512-ihFavcy7OdSMwZySidRSi58RkiqVVcmVAVy2J5VSKWaCQcBL8+4+H0ytmmXplxKCaQAsyqj1XhJx+MaCJyXknQ==",
      "requires": {
        "tslib": "1.11.1"
      }
    },
    "@firebase/webchannel-wrapper": {
      "version": "0.2.41",
      "resolved": "https://registry.npmjs.org/@firebase/webchannel-wrapper/-/webchannel-wrapper-0.2.41.tgz",
      "integrity": "sha512-XcdMT5PSZHiuf7LJIhzKIe+RyYa25S3LHRRvLnZc6iFjwXkrSDJ8J/HWO6VT8d2ZTbawp3VcLEjRF/VN8glCrA=="
    },
    "@grpc/grpc-js": {
      "version": "0.8.1",
      "resolved": "https://registry.npmjs.org/@grpc/grpc-js/-/grpc-js-0.8.1.tgz",
      "integrity": "sha512-e8gSjRZnOUefsR3obOgxG9RtYW2Mw83hh7ogE2ByCdgRhoX0mdnJwBcZOami3E0l643KCTZvORFwfSEi48KFIQ==",
      "requires": {
        "semver": "^6.2.0"
      }
    },
    "@grpc/proto-loader": {
      "version": "0.5.4",
      "resolved": "https://registry.npmjs.org/@grpc/proto-loader/-/proto-loader-0.5.4.tgz",
      "integrity": "sha512-HTM4QpI9B2XFkPz7pjwMyMgZchJ93TVkL3kWPW8GDMDKYxsMnmf4w2TNMJK7+KNiYHS5cJrCEAFlF+AwtXWVPA==",
      "requires": {
        "lodash.camelcase": "^4.3.0",
        "protobufjs": "^6.8.6"
      }
    },
    "@protobufjs/aspromise": {
      "version": "1.1.2",
      "resolved": "https://registry.npmjs.org/@protobufjs/aspromise/-/aspromise-1.1.2.tgz",
      "integrity": "sha1-m4sMxmPWaafY9vXQiToU00jzD78="
    },
    "@protobufjs/base64": {
      "version": "1.1.2",
      "resolved": "https://registry.npmjs.org/@protobufjs/base64/-/base64-1.1.2.tgz",
      "integrity": "sha512-AZkcAA5vnN/v4PDqKyMR5lx7hZttPDgClv83E//FMNhR2TMcLUhfRUBHCmSl0oi9zMgDDqRUJkSxO3wm85+XLg=="
    },
    "@protobufjs/codegen": {
      "version": "2.0.4",
      "resolved": "https://registry.npmjs.org/@protobufjs/codegen/-/codegen-2.0.4.tgz",
      "integrity": "sha512-YyFaikqM5sH0ziFZCN3xDC7zeGaB/d0IUb9CATugHWbd1FRFwWwt4ld4OYMPWu5a3Xe01mGAULCdqhMlPl29Jg=="
    },
    "@protobufjs/eventemitter": {
      "version": "1.1.0",
      "resolved": "https://registry.npmjs.org/@protobufjs/eventemitter/-/eventemitter-1.1.0.tgz",
      "integrity": "sha1-NVy8mLr61ZePntCV85diHx0Ga3A="
    },
    "@protobufjs/fetch": {
      "version": "1.1.0",
      "resolved": "https://registry.npmjs.org/@protobufjs/fetch/-/fetch-1.1.0.tgz",
      "integrity": "sha1-upn7WYYUr2VwDBYZ/wbUVLDYTEU=",
      "requires": {
        "@protobufjs/aspromise": "^1.1.1",
        "@protobufjs/inquire": "^1.1.0"
      }
    },
    "@protobufjs/float": {
      "version": "1.0.2",
      "resolved": "https://registry.npmjs.org/@protobufjs/float/-/float-1.0.2.tgz",
      "integrity": "sha1-Xp4avctz/Ap8uLKR33jIy9l7h9E="
    },
    "@protobufjs/inquire": {
      "version": "1.1.0",
      "resolved": "https://registry.npmjs.org/@protobufjs/inquire/-/inquire-1.1.0.tgz",
      "integrity": "sha1-/yAOPnzyQp4tyvwRQIKOjMY48Ik="
    },
    "@protobufjs/path": {
      "version": "1.1.2",
      "resolved": "https://registry.npmjs.org/@protobufjs/path/-/path-1.1.2.tgz",
      "integrity": "sha1-bMKyDFya1q0NzP0hynZz2Nf79o0="
    },
    "@protobufjs/pool": {
      "version": "1.1.0",
      "resolved": "https://registry.npmjs.org/@protobufjs/pool/-/pool-1.1.0.tgz",
      "integrity": "sha1-Cf0V8tbTq/qbZbw2ZQbWrXhG/1Q="
    },
    "@protobufjs/utf8": {
      "version": "1.1.0",
      "resolved": "https://registry.npmjs.org/@protobufjs/utf8/-/utf8-1.1.0.tgz",
      "integrity": "sha1-p3c2C1s5oaLlEG+OhY8v0tBgxXA="
    },
    "@types/long": {
      "version": "4.0.1",
      "resolved": "https://registry.npmjs.org/@types/long/-/long-4.0.1.tgz",
      "integrity": "sha512-5tXH6Bx/kNGd3MgffdmP4dy2Z+G4eaXw0SE81Tq3BNadtnMR5/ySMzX4SLEzHJzSmPNn4HIdpQsBvXMUykr58w=="
    },
    "@types/node": {
      "version": "13.13.12",
      "resolved": "https://registry.npmjs.org/@types/node/-/node-13.13.12.tgz",
      "integrity": "sha512-zWz/8NEPxoXNT9YyF2osqyA9WjssZukYpgI4UYZpOjcyqwIUqWGkcCionaEb9Ki+FULyPyvNFpg/329Kd2/pbw=="
    },
    "core-js": {
      "version": "3.6.5",
      "resolved": "https://registry.npmjs.org/core-js/-/core-js-3.6.5.tgz",
      "integrity": "sha512-vZVEEwZoIsI+vPEuoF9Iqf5H7/M3eeQqWlQnYa8FSKKePuYTf5MWnxb5SDAzCa60b3JBRS5g9b+Dq7b1y/RCrA=="
    },
    "dom-storage": {
      "version": "2.1.0",
      "resolved": "https://registry.npmjs.org/dom-storage/-/dom-storage-2.1.0.tgz",
      "integrity": "sha512-g6RpyWXzl0RR6OTElHKBl7nwnK87GUyZMYC7JWsB/IA73vpqK2K6LT39x4VepLxlSsWBFrPVLnsSR5Jyty0+2Q=="
    },
    "encoding": {
      "version": "0.1.12",
      "resolved": "https://registry.npmjs.org/encoding/-/encoding-0.1.12.tgz",
      "integrity": "sha1-U4tm8+5izRq1HsMjgp0flIDHS+s=",
      "requires": {
        "iconv-lite": "~0.4.13"
      }
    },
    "faye-websocket": {
      "version": "0.11.3",
      "resolved": "https://registry.npmjs.org/faye-websocket/-/faye-websocket-0.11.3.tgz",
      "integrity": "sha512-D2y4bovYpzziGgbHYtGCMjlJM36vAl/y+xUyn1C+FVx8szd1E+86KwVw6XvYSzOP8iMpm1X0I4xJD+QtUb36OA==",
      "requires": {
        "websocket-driver": ">=0.5.1"
      }
    },
    "firebase": {
      "version": "7.15.1",
      "resolved": "https://registry.npmjs.org/firebase/-/firebase-7.15.1.tgz",
      "integrity": "sha512-RmS6UMcU2YeQK/gFi7fqdern+45e/hKDFrtLQ53kU0jZjQ3u4W9r9ibEGFGEgQ5ufVt8IdraJ3s6l5xrql7KuA==",
      "requires": {
        "@firebase/analytics": "0.3.6",
        "@firebase/app": "0.6.5",
        "@firebase/app-types": "0.6.1",
        "@firebase/auth": "0.14.6",
        "@firebase/database": "0.6.4",
        "@firebase/firestore": "1.15.1",
        "@firebase/functions": "0.4.45",
        "@firebase/installations": "0.4.11",
        "@firebase/messaging": "0.6.17",
        "@firebase/performance": "0.3.6",
        "@firebase/polyfill": "0.3.36",
        "@firebase/remote-config": "0.1.22",
        "@firebase/storage": "0.3.35",
        "@firebase/util": "0.2.48"
      },
      "dependencies": {
        "@firebase/app": {
          "version": "0.6.5",
          "resolved": "https://registry.npmjs.org/@firebase/app/-/app-0.6.5.tgz",
          "integrity": "sha512-rhId5P4egyaVp4HaLsqxV1dJYWbjAyyTnoW8r6t2uXyUGBKUiv+tdK97abkHCo4UQwq/GvUu0Drd96Cm7nEIeA==",
          "requires": {
            "@firebase/app-types": "0.6.1",
            "@firebase/component": "0.1.13",
            "@firebase/logger": "0.2.5",
            "@firebase/util": "0.2.48",
            "dom-storage": "2.1.0",
            "tslib": "1.11.1",
            "xmlhttprequest": "1.8.0"
          }
        },
        "@firebase/app-types": {
          "version": "0.6.1",
          "resolved": "https://registry.npmjs.org/@firebase/app-types/-/app-types-0.6.1.tgz",
          "integrity": "sha512-L/ZnJRAq7F++utfuoTKX4CLBG5YR7tFO3PLzG1/oXXKEezJ0kRL3CMRoueBEmTCzVb/6SIs2Qlaw++uDgi5Xyg=="
        },
        "@firebase/component": {
          "version": "0.1.13",
          "resolved": "https://registry.npmjs.org/@firebase/component/-/component-0.1.13.tgz",
          "integrity": "sha512-DuSIM96NQkE3Yo77IOa5BWw8VBdvCR5cbMLNiFT4X3dTU15Dm0zHjncQHt/6rQpABGNYWAfOCJmSU1v6vc3DFA==",
          "requires": {
            "@firebase/util": "0.2.48",
            "tslib": "1.11.1"
          }
        },
        "@firebase/logger": {
          "version": "0.2.5",
          "resolved": "https://registry.npmjs.org/@firebase/logger/-/logger-0.2.5.tgz",
          "integrity": "sha512-qqw3m0tWs/qrg7axTZG/QZq24DIMdSY6dGoWuBn08ddq7+GLF5HiqkRj71XznYeUUbfRq5W9C/PSFnN4JxX+WA=="
        },
        "@firebase/util": {
          "version": "0.2.48",
          "resolved": "https://registry.npmjs.org/@firebase/util/-/util-0.2.48.tgz",
          "integrity": "sha512-6Wzq6IBF//3mrMTmTQ+JmceM0PMQpxV2GVfXhZn/4sMMkkhB0MA908nPDnatoHwUKyWE3BMw+uTLkyBnkuTu5A==",
          "requires": {
            "tslib": "1.11.1"
          }
        }
      }
    },
    "http-parser-js": {
      "version": "0.5.2",
      "resolved": "https://registry.npmjs.org/http-parser-js/-/http-parser-js-0.5.2.tgz",
      "integrity": "sha512-opCO9ASqg5Wy2FNo7A0sxy71yGbbkJJXLdgMK04Tcypw9jr2MgWbyubb0+WdmDmGnFflO7fRbqbaihh/ENDlRQ=="
    },
    "iconv-lite": {
      "version": "0.4.24",
      "resolved": "https://registry.npmjs.org/iconv-lite/-/iconv-lite-0.4.24.tgz",
      "integrity": "sha512-v3MXnZAcvnywkTUEZomIActle7RXXeedOR31wwl7VlyoXO4Qi9arvSenNQWne1TcRwhCL1HwLI21bEqdpj8/rA==",
      "requires": {
        "safer-buffer": ">= 2.1.2 < 3"
      }
    },
    "idb": {
      "version": "3.0.2",
      "resolved": "https://registry.npmjs.org/idb/-/idb-3.0.2.tgz",
      "integrity": "sha512-+FLa/0sTXqyux0o6C+i2lOR0VoS60LU/jzUo5xjfY6+7sEEgy4Gz1O7yFBXvjd7N0NyIGWIRg8DcQSLEG+VSPw=="
    },
    "is-stream": {
      "version": "1.1.0",
      "resolved": "https://registry.npmjs.org/is-stream/-/is-stream-1.1.0.tgz",
      "integrity": "sha1-EtSj3U5o4Lec6428hBc66A2RykQ="
    },
    "isomorphic-fetch": {
      "version": "2.2.1",
      "resolved": "https://registry.npmjs.org/isomorphic-fetch/-/isomorphic-fetch-2.2.1.tgz",
      "integrity": "sha1-YRrhrPFPXoH3KVB0coGf6XM1WKk=",
      "requires": {
        "node-fetch": "^1.0.1",
        "whatwg-fetch": ">=0.10.0"
      }
    },
    "lodash.camelcase": {
      "version": "4.3.0",
      "resolved": "https://registry.npmjs.org/lodash.camelcase/-/lodash.camelcase-4.3.0.tgz",
      "integrity": "sha1-soqmKIorn8ZRA1x3EfZathkDMaY="
    },
    "long": {
      "version": "4.0.0",
      "resolved": "https://registry.npmjs.org/long/-/long-4.0.0.tgz",
      "integrity": "sha512-XsP+KhQif4bjX1kbuSiySJFNAehNxgLb6hPRGJ9QsUr8ajHkuXGdrHmFUTUUXhDwVX2R5bY4JNZEwbUiMhV+MA=="
    },
    "node-fetch": {
      "version": "1.7.3",
      "resolved": "https://registry.npmjs.org/node-fetch/-/node-fetch-1.7.3.tgz",
      "integrity": "sha512-NhZ4CsKx7cYm2vSrBAr2PvFOe6sWDf0UYLRqA6svUYg7+/TSfVAu49jYC4BvQ4Sms9SZgdqGBgroqfDhJdTyKQ==",
      "requires": {
        "encoding": "^0.1.11",
        "is-stream": "^1.0.1"
      }
    },
    "promise-polyfill": {
      "version": "8.1.3",
      "resolved": "https://registry.npmjs.org/promise-polyfill/-/promise-polyfill-8.1.3.tgz",
      "integrity": "sha512-MG5r82wBzh7pSKDRa9y+vllNHz3e3d4CNj1PQE4BQYxLme0gKYYBm9YENq+UkEikyZ0XbiGWxYlVw3Rl9O/U8g=="
    },
    "protobufjs": {
      "version": "6.9.0",
      "resolved": "https://registry.npmjs.org/protobufjs/-/protobufjs-6.9.0.tgz",
      "integrity": "sha512-LlGVfEWDXoI/STstRDdZZKb/qusoAWUnmLg9R8OLSO473mBLWHowx8clbX5/+mKDEI+v7GzjoK9tRPZMMcoTrg==",
      "requires": {
        "@protobufjs/aspromise": "^1.1.2",
        "@protobufjs/base64": "^1.1.2",
        "@protobufjs/codegen": "^2.0.4",
        "@protobufjs/eventemitter": "^1.1.0",
        "@protobufjs/fetch": "^1.1.0",
        "@protobufjs/float": "^1.0.2",
        "@protobufjs/inquire": "^1.1.0",
        "@protobufjs/path": "^1.1.2",
        "@protobufjs/pool": "^1.1.0",
        "@protobufjs/utf8": "^1.1.0",
        "@types/long": "^4.0.1",
        "@types/node": "^13.7.0",
        "long": "^4.0.0"
      }
    },
    "safe-buffer": {
      "version": "5.2.1",
      "resolved": "https://registry.npmjs.org/safe-buffer/-/safe-buffer-5.2.1.tgz",
      "integrity": "sha512-rp3So07KcdmmKbGvgaNxQSJr7bGVSVk5S9Eq1F+ppbRo70+YeaDxkw5Dd8NPN+GD6bjnYm2VuPuCXmpuYvmCXQ=="
    },
    "safer-buffer": {
      "version": "2.1.2",
      "resolved": "https://registry.npmjs.org/safer-buffer/-/safer-buffer-2.1.2.tgz",
      "integrity": "sha512-YZo3K82SD7Riyi0E1EQPojLz7kpepnSQI9IyPbHHg1XXXevb5dJI7tpyN2ADxGcQbHG7vcyRHk0cbwqcQriUtg=="
    },
    "semver": {
      "version": "6.3.0",
      "resolved": "https://registry.npmjs.org/semver/-/semver-6.3.0.tgz",
      "integrity": "sha512-b39TBaTSfV6yBrapU89p5fKekE2m/NwnDocOVruQFS1/veMgdzuPcnOM34M6CwxW8jH/lxEa5rBoDeUwu5HHTw=="
    },
    "tslib": {
      "version": "1.11.1",
      "resolved": "https://registry.npmjs.org/tslib/-/tslib-1.11.1.tgz",
      "integrity": "sha512-aZW88SY8kQbU7gpV19lN24LtXh/yD4ZZg6qieAJDDg+YBsJcSmLGK9QpnUjAKVG/xefmvJGd1WUmfpT/g6AJGA=="
    },
    "websocket-driver": {
      "version": "0.7.4",
      "resolved": "https://registry.npmjs.org/websocket-driver/-/websocket-driver-0.7.4.tgz",
      "integrity": "sha512-b17KeDIQVjvb0ssuSDF2cYXSg2iztliJ4B9WdsuB6J952qCPKmnVq4DyW5motImXHDC1cBT/1UezrJVsKw5zjg==",
      "requires": {
        "http-parser-js": ">=0.5.1",
        "safe-buffer": ">=5.1.0",
        "websocket-extensions": ">=0.1.1"
      }
    },
    "websocket-extensions": {
      "version": "0.1.4",
      "resolved": "https://registry.npmjs.org/websocket-extensions/-/websocket-extensions-0.1.4.tgz",
      "integrity": "sha512-OqedPIGOfsDlo31UNwYbCFMSaO9m9G/0faIHj5/dZFDMFqPTcx6UwqyOy3COEaEOg/9VsGIpdqn62W5KhoKSpg=="
    },
    "whatwg-fetch": {
      "version": "3.0.0",
      "resolved": "https://registry.npmjs.org/whatwg-fetch/-/whatwg-fetch-3.0.0.tgz",
      "integrity": "sha512-9GSJUgz1D4MfyKU7KRqwOjXCXTqWdFNvEr7eUBYchQiVc744mqK/MzXPNR2WsPkmkOa4ywfg8C2n8h+13Bey1Q=="
    },
    "xmlhttprequest": {
      "version": "1.8.0",
      "resolved": "https://registry.npmjs.org/xmlhttprequest/-/xmlhttprequest-1.8.0.tgz",
      "integrity": "sha1-Z/4HXFwk/vOfnWX197f+dRcZaPw="
    }
  }
}
