{
  "requires": true,
  "lockfileVersion": 1,
  "dependencies": {
    "@firebase/analytics": {
      "version": "0.6.0",
      "resolved": "https://registry.npmjs.org/@firebase/analytics/-/analytics-0.6.0.tgz",
      "integrity": "sha512-6qYEOPUVYrMhqvJ46Z5Uf1S4uULd6d7vGpMP5Qz+u8kIWuOQGcPdJKQap+Hla6Rq164or9gC2HRXuYXKlgWfpw==",
      "requires": {
        "@firebase/analytics-types": "0.4.0",
        "@firebase/component": "0.1.19",
        "@firebase/installations": "0.4.17",
        "@firebase/logger": "0.2.6",
        "@firebase/util": "0.3.2",
        "tslib": "^1.11.1"
      },
      "dependencies": {
        "@firebase/component": {
          "version": "0.1.19",
          "resolved": "https://registry.npmjs.org/@firebase/component/-/component-0.1.19.tgz",
          "integrity": "sha512-L0S3g8eqaerg8y0zox3oOHSTwn/FE8RbcRHiurnbESvDViZtP5S5WnhuAPd7FnFxa8ElWK0z1Tr3ikzWDv1xdQ==",
          "requires": {
            "@firebase/util": "0.3.2",
            "tslib": "^1.11.1"
          }
        },
        "@firebase/logger": {
          "version": "0.2.6",
          "resolved": "https://registry.npmjs.org/@firebase/logger/-/logger-0.2.6.tgz",
          "integrity": "sha512-KIxcUvW/cRGWlzK9Vd2KB864HlUnCfdTH0taHE0sXW5Xl7+W68suaeau1oKNEqmc3l45azkd4NzXTCWZRZdXrw=="
        },
        "@firebase/util": {
          "version": "0.3.2",
          "resolved": "https://registry.npmjs.org/@firebase/util/-/util-0.3.2.tgz",
          "integrity": "sha512-Dqs00++c8rwKky6KCKLLY2T1qYO4Q+X5t+lF7DInXDNF4ae1Oau35bkD+OpJ9u7l1pEv7KHowP6CUKuySCOc8g==",
          "requires": {
            "tslib": "^1.11.1"
          }
        }
      }
    },
    "@firebase/analytics-types": {
      "version": "0.4.0",
      "resolved": "https://registry.npmjs.org/@firebase/analytics-types/-/analytics-types-0.4.0.tgz",
      "integrity": "sha512-Jj2xW+8+8XPfWGkv9HPv/uR+Qrmq37NPYT352wf7MvE9LrstpLVmFg3LqG6MCRr5miLAom5sen2gZ+iOhVDeRA=="
    },
    "@firebase/app": {
      "version": "0.5.6",
      "resolved": "https://registry.npmjs.org/@firebase/app/-/app-0.5.6.tgz",
      "integrity": "sha512-FzO0dgIXQgLFOETdM3p6zMdGTee+hnOUqU0KC24n8+gqX833atGX4Vrc47H53EAiR7sW6ESHsyAfJcvGPBi37Q==",
      "requires": {
        "@firebase/app-types": "0.5.3",
        "@firebase/component": "0.1.7",
        "@firebase/logger": "0.1.37",
        "@firebase/util": "0.2.42",
        "dom-storage": "2.1.0",
        "tslib": "1.11.1",
        "xmlhttprequest": "1.8.0"
      }
    },
    "@firebase/app-types": {
      "version": "0.5.3",
      "resolved": "https://registry.npmjs.org/@firebase/app-types/-/app-types-0.5.3.tgz",
      "integrity": "sha512-PH1egwhlEhZSp7/jiUNszG1BX1NBUuL86Zd1ZoXT3qaFS9YSGGEY7n0DKgI0fWoVa5GzfbzKOC+J1e4T/+PY1Q=="
    },
    "@firebase/auth": {
      "version": "0.15.0",
      "resolved": "https://registry.npmjs.org/@firebase/auth/-/auth-0.15.0.tgz",
      "integrity": "sha512-IFuzhxS+HtOQl7+SZ/Mhaghy/zTU7CENsJFWbC16tv2wfLZbayKF5jYGdAU3VFLehgC8KjlcIWd10akc3XivfQ==",
      "requires": {
        "@firebase/auth-types": "0.10.1"
      }
    },
    "@firebase/auth-interop-types": {
      "version": "0.1.5",
      "resolved": "https://registry.npmjs.org/@firebase/auth-interop-types/-/auth-interop-types-0.1.5.tgz",
      "integrity": "sha512-88h74TMQ6wXChPA6h9Q3E1Jg6TkTHep2+k63OWg3s0ozyGVMeY+TTOti7PFPzq5RhszQPQOoCi59es4MaRvgCw=="
    },
    "@firebase/auth-types": {
      "version": "0.10.1",
      "resolved": "https://registry.npmjs.org/@firebase/auth-types/-/auth-types-0.10.1.tgz",
      "integrity": "sha512-/+gBHb1O9x/YlG7inXfxff/6X3BPZt4zgBv4kql6HEmdzNQCodIRlEYnI+/da+lN+dha7PjaFH7C7ewMmfV7rw=="
    },
    "@firebase/component": {
      "version": "0.1.7",
      "resolved": "https://registry.npmjs.org/@firebase/component/-/component-0.1.7.tgz",
      "integrity": "sha512-FAoi1ELlrVY9Uy9zzTlhc+3nn5VdYe36C/OpDnFXb2K/AH0jR6wcVTvLqGYFBPFVjgqO5MKCn3Mq3DCnro8QGg==",
      "requires": {
        "@firebase/util": "0.2.42",
        "tslib": "1.11.1"
      }
    },
    "@firebase/database": {
      "version": "0.6.13",
      "resolved": "https://registry.npmjs.org/@firebase/database/-/database-0.6.13.tgz",
      "integrity": "sha512-NommVkAPzU7CKd1gyehmi3lz0K78q0KOfiex7Nfy7MBMwknLm7oNqKovXSgQV1PCLvKXvvAplDSFhDhzIf9obA==",
      "requires": {
        "@firebase/auth-interop-types": "0.1.5",
        "@firebase/component": "0.1.19",
        "@firebase/database-types": "0.5.2",
        "@firebase/logger": "0.2.6",
        "@firebase/util": "0.3.2",
        "faye-websocket": "0.11.3",
        "tslib": "^1.11.1"
      },
      "dependencies": {
        "@firebase/component": {
          "version": "0.1.19",
          "resolved": "https://registry.npmjs.org/@firebase/component/-/component-0.1.19.tgz",
          "integrity": "sha512-L0S3g8eqaerg8y0zox3oOHSTwn/FE8RbcRHiurnbESvDViZtP5S5WnhuAPd7FnFxa8ElWK0z1Tr3ikzWDv1xdQ==",
          "requires": {
            "@firebase/util": "0.3.2",
            "tslib": "^1.11.1"
          }
        },
        "@firebase/logger": {
          "version": "0.2.6",
          "resolved": "https://registry.npmjs.org/@firebase/logger/-/logger-0.2.6.tgz",
          "integrity": "sha512-KIxcUvW/cRGWlzK9Vd2KB864HlUnCfdTH0taHE0sXW5Xl7+W68suaeau1oKNEqmc3l45azkd4NzXTCWZRZdXrw=="
        },
        "@firebase/util": {
          "version": "0.3.2",
          "resolved": "https://registry.npmjs.org/@firebase/util/-/util-0.3.2.tgz",
          "integrity": "sha512-Dqs00++c8rwKky6KCKLLY2T1qYO4Q+X5t+lF7DInXDNF4ae1Oau35bkD+OpJ9u7l1pEv7KHowP6CUKuySCOc8g==",
          "requires": {
            "tslib": "^1.11.1"
          }
        }
      }
    },
    "@firebase/database-types": {
      "version": "0.5.2",
      "resolved": "https://registry.npmjs.org/@firebase/database-types/-/database-types-0.5.2.tgz",
      "integrity": "sha512-ap2WQOS3LKmGuVFKUghFft7RxXTyZTDr0Xd8y2aqmWsbJVjgozi0huL/EUMgTjGFrATAjcf2A7aNs8AKKZ2a8g==",
      "requires": {
        "@firebase/app-types": "0.6.1"
      },
      "dependencies": {
        "@firebase/app-types": {
          "version": "0.6.1",
          "resolved": "https://registry.npmjs.org/@firebase/app-types/-/app-types-0.6.1.tgz",
          "integrity": "sha512-L/ZnJRAq7F++utfuoTKX4CLBG5YR7tFO3PLzG1/oXXKEezJ0kRL3CMRoueBEmTCzVb/6SIs2Qlaw++uDgi5Xyg=="
        }
      }
    },
    "@firebase/firestore": {
      "version": "1.18.0",
      "resolved": "https://registry.npmjs.org/@firebase/firestore/-/firestore-1.18.0.tgz",
      "integrity": "sha512-maMq4ltkrwjDRusR2nt0qS4wldHQMp+0IDSfXIjC+SNmjnWY/t/+Skn9U3Po+dB38xpz3i7nsKbs+8utpDnPSw==",
      "requires": {
        "@firebase/component": "0.1.19",
        "@firebase/firestore-types": "1.14.0",
        "@firebase/logger": "0.2.6",
        "@firebase/util": "0.3.2",
        "@firebase/webchannel-wrapper": "0.4.0",
        "@grpc/grpc-js": "^1.0.0",
        "@grpc/proto-loader": "^0.5.0",
        "node-fetch": "2.6.1",
        "tslib": "^1.11.1"
      },
      "dependencies": {
        "@firebase/component": {
          "version": "0.1.19",
          "resolved": "https://registry.npmjs.org/@firebase/component/-/component-0.1.19.tgz",
          "integrity": "sha512-L0S3g8eqaerg8y0zox3oOHSTwn/FE8RbcRHiurnbESvDViZtP5S5WnhuAPd7FnFxa8ElWK0z1Tr3ikzWDv1xdQ==",
          "requires": {
            "@firebase/util": "0.3.2",
            "tslib": "^1.11.1"
          }
        },
        "@firebase/logger": {
          "version": "0.2.6",
          "resolved": "https://registry.npmjs.org/@firebase/logger/-/logger-0.2.6.tgz",
          "integrity": "sha512-KIxcUvW/cRGWlzK9Vd2KB864HlUnCfdTH0taHE0sXW5Xl7+W68suaeau1oKNEqmc3l45azkd4NzXTCWZRZdXrw=="
        },
        "@firebase/util": {
          "version": "0.3.2",
          "resolved": "https://registry.npmjs.org/@firebase/util/-/util-0.3.2.tgz",
          "integrity": "sha512-Dqs00++c8rwKky6KCKLLY2T1qYO4Q+X5t+lF7DInXDNF4ae1Oau35bkD+OpJ9u7l1pEv7KHowP6CUKuySCOc8g==",
          "requires": {
            "tslib": "^1.11.1"
          }
        }
      }
    },
    "@firebase/firestore-types": {
      "version": "1.14.0",
      "resolved": "https://registry.npmjs.org/@firebase/firestore-types/-/firestore-types-1.14.0.tgz",
      "integrity": "sha512-WF8IBwHzZDhwyOgQnmB0pheVrLNP78A8PGxk1nxb/Nrgh1amo4/zYvFMGgSsTeaQK37xMYS/g7eS948te/dJxw=="
    },
    "@firebase/functions": {
      "version": "0.5.1",
      "resolved": "https://registry.npmjs.org/@firebase/functions/-/functions-0.5.1.tgz",
      "integrity": "sha512-yyjPZXXvzFPjkGRSqFVS5Hc2Y7Y48GyyMH+M3i7hLGe69r/59w6wzgXKqTiSYmyE1pxfjxU4a1YqBDHNkQkrYQ==",
      "requires": {
        "@firebase/component": "0.1.19",
        "@firebase/functions-types": "0.3.17",
        "@firebase/messaging-types": "0.5.0",
        "node-fetch": "2.6.1",
        "tslib": "^1.11.1"
      },
      "dependencies": {
        "@firebase/component": {
          "version": "0.1.19",
          "resolved": "https://registry.npmjs.org/@firebase/component/-/component-0.1.19.tgz",
          "integrity": "sha512-L0S3g8eqaerg8y0zox3oOHSTwn/FE8RbcRHiurnbESvDViZtP5S5WnhuAPd7FnFxa8ElWK0z1Tr3ikzWDv1xdQ==",
          "requires": {
            "@firebase/util": "0.3.2",
            "tslib": "^1.11.1"
          }
        },
        "@firebase/util": {
          "version": "0.3.2",
          "resolved": "https://registry.npmjs.org/@firebase/util/-/util-0.3.2.tgz",
          "integrity": "sha512-Dqs00++c8rwKky6KCKLLY2T1qYO4Q+X5t+lF7DInXDNF4ae1Oau35bkD+OpJ9u7l1pEv7KHowP6CUKuySCOc8g==",
          "requires": {
            "tslib": "^1.11.1"
          }
        }
      }
    },
    "@firebase/functions-types": {
      "version": "0.3.17",
      "resolved": "https://registry.npmjs.org/@firebase/functions-types/-/functions-types-0.3.17.tgz",
      "integrity": "sha512-DGR4i3VI55KnYk4IxrIw7+VG7Q3gA65azHnZxo98Il8IvYLr2UTBlSh72dTLlDf25NW51HqvJgYJDKvSaAeyHQ=="
    },
    "@firebase/installations": {
      "version": "0.4.17",
      "resolved": "https://registry.npmjs.org/@firebase/installations/-/installations-0.4.17.tgz",
      "integrity": "sha512-AE/TyzIpwkC4UayRJD419xTqZkKzxwk0FLht3Dci8WI2OEKHSwoZG9xv4hOBZebe+fDzoV2EzfatQY8c/6Avig==",
      "requires": {
        "@firebase/component": "0.1.19",
        "@firebase/installations-types": "0.3.4",
        "@firebase/util": "0.3.2",
        "idb": "3.0.2",
        "tslib": "^1.11.1"
      },
      "dependencies": {
        "@firebase/component": {
          "version": "0.1.19",
          "resolved": "https://registry.npmjs.org/@firebase/component/-/component-0.1.19.tgz",
          "integrity": "sha512-L0S3g8eqaerg8y0zox3oOHSTwn/FE8RbcRHiurnbESvDViZtP5S5WnhuAPd7FnFxa8ElWK0z1Tr3ikzWDv1xdQ==",
          "requires": {
            "@firebase/util": "0.3.2",
            "tslib": "^1.11.1"
          }
        },
        "@firebase/util": {
          "version": "0.3.2",
          "resolved": "https://registry.npmjs.org/@firebase/util/-/util-0.3.2.tgz",
          "integrity": "sha512-Dqs00++c8rwKky6KCKLLY2T1qYO4Q+X5t+lF7DInXDNF4ae1Oau35bkD+OpJ9u7l1pEv7KHowP6CUKuySCOc8g==",
          "requires": {
            "tslib": "^1.11.1"
          }
        }
      }
    },
    "@firebase/installations-types": {
      "version": "0.3.4",
      "resolved": "https://registry.npmjs.org/@firebase/installations-types/-/installations-types-0.3.4.tgz",
      "integrity": "sha512-RfePJFovmdIXb6rYwtngyxuEcWnOrzdZd9m7xAW0gRxDIjBT20n3BOhjpmgRWXo/DAxRmS7bRjWAyTHY9cqN7Q=="
    },
    "@firebase/logger": {
      "version": "0.1.37",
      "resolved": "https://registry.npmjs.org/@firebase/logger/-/logger-0.1.37.tgz",
      "integrity": "sha512-uiVVfVlhCZLfUBqOCUuh8V3t+8lKTFJ6mgDoH99YFbuWYUUch8OHWQG70qg/I6m7IRIZLtHyPt3OCxYgI0R6Yw=="
    },
    "@firebase/messaging": {
      "version": "0.7.1",
      "resolved": "https://registry.npmjs.org/@firebase/messaging/-/messaging-0.7.1.tgz",
      "integrity": "sha512-iev/ST9v0xd/8YpGYrZtDcqdD9J6ZWzSuceRn8EKy5vIgQvW/rk2eTQc8axzvDpQ36ZfphMYuhW6XuNrR3Pd2Q==",
      "requires": {
        "@firebase/component": "0.1.19",
        "@firebase/installations": "0.4.17",
        "@firebase/messaging-types": "0.5.0",
        "@firebase/util": "0.3.2",
        "idb": "3.0.2",
        "tslib": "^1.11.1"
      },
      "dependencies": {
        "@firebase/component": {
          "version": "0.1.19",
          "resolved": "https://registry.npmjs.org/@firebase/component/-/component-0.1.19.tgz",
          "integrity": "sha512-L0S3g8eqaerg8y0zox3oOHSTwn/FE8RbcRHiurnbESvDViZtP5S5WnhuAPd7FnFxa8ElWK0z1Tr3ikzWDv1xdQ==",
          "requires": {
            "@firebase/util": "0.3.2",
            "tslib": "^1.11.1"
          }
        },
        "@firebase/util": {
          "version": "0.3.2",
          "resolved": "https://registry.npmjs.org/@firebase/util/-/util-0.3.2.tgz",
          "integrity": "sha512-Dqs00++c8rwKky6KCKLLY2T1qYO4Q+X5t+lF7DInXDNF4ae1Oau35bkD+OpJ9u7l1pEv7KHowP6CUKuySCOc8g==",
          "requires": {
            "tslib": "^1.11.1"
          }
        }
      }
    },
    "@firebase/messaging-types": {
      "version": "0.5.0",
      "resolved": "https://registry.npmjs.org/@firebase/messaging-types/-/messaging-types-0.5.0.tgz",
      "integrity": "sha512-QaaBswrU6umJYb/ZYvjR5JDSslCGOH6D9P136PhabFAHLTR4TWjsaACvbBXuvwrfCXu10DtcjMxqfhdNIB1Xfg=="
    },
    "@firebase/performance": {
      "version": "0.4.2",
      "resolved": "https://registry.npmjs.org/@firebase/performance/-/performance-0.4.2.tgz",
      "integrity": "sha512-irHTCVWJ/sxJo0QHg+yQifBeVu8ZJPihiTqYzBUz/0AGc51YSt49FZwqSfknvCN2+OfHaazz/ARVBn87g7Ex8g==",
      "requires": {
        "@firebase/component": "0.1.19",
        "@firebase/installations": "0.4.17",
        "@firebase/logger": "0.2.6",
        "@firebase/performance-types": "0.0.13",
        "@firebase/util": "0.3.2",
        "tslib": "^1.11.1"
      },
      "dependencies": {
        "@firebase/component": {
          "version": "0.1.19",
          "resolved": "https://registry.npmjs.org/@firebase/component/-/component-0.1.19.tgz",
          "integrity": "sha512-L0S3g8eqaerg8y0zox3oOHSTwn/FE8RbcRHiurnbESvDViZtP5S5WnhuAPd7FnFxa8ElWK0z1Tr3ikzWDv1xdQ==",
          "requires": {
            "@firebase/util": "0.3.2",
            "tslib": "^1.11.1"
          }
        },
        "@firebase/logger": {
          "version": "0.2.6",
          "resolved": "https://registry.npmjs.org/@firebase/logger/-/logger-0.2.6.tgz",
          "integrity": "sha512-KIxcUvW/cRGWlzK9Vd2KB864HlUnCfdTH0taHE0sXW5Xl7+W68suaeau1oKNEqmc3l45azkd4NzXTCWZRZdXrw=="
        },
        "@firebase/util": {
          "version": "0.3.2",
          "resolved": "https://registry.npmjs.org/@firebase/util/-/util-0.3.2.tgz",
          "integrity": "sha512-Dqs00++c8rwKky6KCKLLY2T1qYO4Q+X5t+lF7DInXDNF4ae1Oau35bkD+OpJ9u7l1pEv7KHowP6CUKuySCOc8g==",
          "requires": {
            "tslib": "^1.11.1"
          }
        }
      }
    },
    "@firebase/performance-types": {
      "version": "0.0.13",
      "resolved": "https://registry.npmjs.org/@firebase/performance-types/-/performance-types-0.0.13.tgz",
      "integrity": "sha512-6fZfIGjQpwo9S5OzMpPyqgYAUZcFzZxHFqOyNtorDIgNXq33nlldTL/vtaUZA8iT9TT5cJlCrF/jthKU7X21EA=="
    },
    "@firebase/polyfill": {
      "version": "0.3.36",
      "resolved": "https://registry.npmjs.org/@firebase/polyfill/-/polyfill-0.3.36.tgz",
      "integrity": "sha512-zMM9oSJgY6cT2jx3Ce9LYqb0eIpDE52meIzd/oe/y70F+v9u1LDqk5kUF5mf16zovGBWMNFmgzlsh6Wj0OsFtg==",
      "requires": {
        "core-js": "3.6.5",
        "promise-polyfill": "8.1.3",
        "whatwg-fetch": "2.0.4"
      }
    },
    "@firebase/remote-config": {
      "version": "0.1.28",
      "resolved": "https://registry.npmjs.org/@firebase/remote-config/-/remote-config-0.1.28.tgz",
      "integrity": "sha512-4zSdyxpt94jAnFhO8toNjG8oMKBD+xTuBIcK+Nw8BdQWeJhEamgXlupdBARUk1uf3AvYICngHH32+Si/dMVTbw==",
      "requires": {
        "@firebase/component": "0.1.19",
        "@firebase/installations": "0.4.17",
        "@firebase/logger": "0.2.6",
        "@firebase/remote-config-types": "0.1.9",
        "@firebase/util": "0.3.2",
        "tslib": "^1.11.1"
      },
      "dependencies": {
        "@firebase/component": {
          "version": "0.1.19",
          "resolved": "https://registry.npmjs.org/@firebase/component/-/component-0.1.19.tgz",
          "integrity": "sha512-L0S3g8eqaerg8y0zox3oOHSTwn/FE8RbcRHiurnbESvDViZtP5S5WnhuAPd7FnFxa8ElWK0z1Tr3ikzWDv1xdQ==",
          "requires": {
            "@firebase/util": "0.3.2",
            "tslib": "^1.11.1"
          }
        },
        "@firebase/logger": {
          "version": "0.2.6",
          "resolved": "https://registry.npmjs.org/@firebase/logger/-/logger-0.2.6.tgz",
          "integrity": "sha512-KIxcUvW/cRGWlzK9Vd2KB864HlUnCfdTH0taHE0sXW5Xl7+W68suaeau1oKNEqmc3l45azkd4NzXTCWZRZdXrw=="
        },
        "@firebase/util": {
          "version": "0.3.2",
          "resolved": "https://registry.npmjs.org/@firebase/util/-/util-0.3.2.tgz",
          "integrity": "sha512-Dqs00++c8rwKky6KCKLLY2T1qYO4Q+X5t+lF7DInXDNF4ae1Oau35bkD+OpJ9u7l1pEv7KHowP6CUKuySCOc8g==",
          "requires": {
            "tslib": "^1.11.1"
          }
        }
      }
    },
    "@firebase/remote-config-types": {
      "version": "0.1.9",
      "resolved": "https://registry.npmjs.org/@firebase/remote-config-types/-/remote-config-types-0.1.9.tgz",
      "integrity": "sha512-G96qnF3RYGbZsTRut7NBX0sxyczxt1uyCgXQuH/eAfUCngxjEGcZQnBdy6mvSdqdJh5mC31rWPO4v9/s7HwtzA=="
    },
    "@firebase/storage": {
      "version": "0.3.43",
      "resolved": "https://registry.npmjs.org/@firebase/storage/-/storage-0.3.43.tgz",
      "integrity": "sha512-Jp54jcuyimLxPhZHFVAhNbQmgTu3Sda7vXjXrNpPEhlvvMSq4yuZBR6RrZxe/OrNVprLHh/6lTCjwjOVSo3bWA==",
      "requires": {
        "@firebase/component": "0.1.19",
        "@firebase/storage-types": "0.3.13",
        "@firebase/util": "0.3.2",
        "tslib": "^1.11.1"
      },
      "dependencies": {
        "@firebase/component": {
          "version": "0.1.19",
          "resolved": "https://registry.npmjs.org/@firebase/component/-/component-0.1.19.tgz",
          "integrity": "sha512-L0S3g8eqaerg8y0zox3oOHSTwn/FE8RbcRHiurnbESvDViZtP5S5WnhuAPd7FnFxa8ElWK0z1Tr3ikzWDv1xdQ==",
          "requires": {
            "@firebase/util": "0.3.2",
            "tslib": "^1.11.1"
          }
        },
        "@firebase/util": {
          "version": "0.3.2",
          "resolved": "https://registry.npmjs.org/@firebase/util/-/util-0.3.2.tgz",
          "integrity": "sha512-Dqs00++c8rwKky6KCKLLY2T1qYO4Q+X5t+lF7DInXDNF4ae1Oau35bkD+OpJ9u7l1pEv7KHowP6CUKuySCOc8g==",
          "requires": {
            "tslib": "^1.11.1"
          }
        }
      }
    },
    "@firebase/storage-types": {
      "version": "0.3.13",
      "resolved": "https://registry.npmjs.org/@firebase/storage-types/-/storage-types-0.3.13.tgz",
      "integrity": "sha512-pL7b8d5kMNCCL0w9hF7pr16POyKkb3imOW7w0qYrhBnbyJTdVxMWZhb0HxCFyQWC0w3EiIFFmxoz8NTFZDEFog=="
    },
    "@firebase/util": {
      "version": "0.2.42",
      "resolved": "https://registry.npmjs.org/@firebase/util/-/util-0.2.42.tgz",
      "integrity": "sha512-ihFavcy7OdSMwZySidRSi58RkiqVVcmVAVy2J5VSKWaCQcBL8+4+H0ytmmXplxKCaQAsyqj1XhJx+MaCJyXknQ==",
      "requires": {
        "tslib": "1.11.1"
      }
    },
    "@firebase/webchannel-wrapper": {
      "version": "0.4.0",
      "resolved": "https://registry.npmjs.org/@firebase/webchannel-wrapper/-/webchannel-wrapper-0.4.0.tgz",
      "integrity": "sha512-8cUA/mg0S+BxIZ72TdZRsXKBP5n5uRcE3k29TZhZw6oIiHBt9JA7CTb/4pE1uKtE/q5NeTY2tBDcagoZ+1zjXQ=="
    },
    "@grpc/grpc-js": {
      "version": "1.8.16",
      "resolved": "https://registry.npmjs.org/@grpc/grpc-js/-/grpc-js-1.8.16.tgz",
      "integrity": "sha512-Nvlq4V7XQmdRVDGgecR8ZPPCeY+uH1LhzbC+QxklwAahpQlq8YLsiOQgfkub9FiakRiohaDy361xqlTLkq9EHw==",
      "requires": {
        "@grpc/proto-loader": "^0.7.0",
        "@types/node": ">=12.12.47"
      },
      "dependencies": {
        "@grpc/proto-loader": {
          "version": "0.7.7",
          "resolved": "https://registry.npmjs.org/@grpc/proto-loader/-/proto-loader-0.7.7.tgz",
          "integrity": "sha512-1TIeXOi8TuSCQprPItwoMymZXxWT0CPxUhkrkeCUH+D8U7QDwQ6b7SUz2MaLuWM2llT+J/TVFLmQI5KtML3BhQ==",
          "requires": {
            "@types/long": "^4.0.1",
            "lodash.camelcase": "^4.3.0",
            "long": "^4.0.0",
            "protobufjs": "^7.0.0",
            "yargs": "^17.7.2"
          }
        }
      }
    },
    "@grpc/proto-loader": {
      "version": "0.5.6",
      "resolved": "https://registry.npmjs.org/@grpc/proto-loader/-/proto-loader-0.5.6.tgz",
      "integrity": "sha512-DT14xgw3PSzPxwS13auTEwxhMMOoz33DPUKNtmYK/QYbBSpLXJy78FGGs5yVoxVobEqPm4iW9MOIoz0A3bLTRQ==",
      "requires": {
        "lodash.camelcase": "^4.3.0",
        "protobufjs": "^6.8.6"
      },
      "dependencies": {
        "protobufjs": {
          "version": "6.11.3",
          "resolved": "https://registry.npmjs.org/protobufjs/-/protobufjs-6.11.3.tgz",
          "integrity": "sha512-xL96WDdCZYdU7Slin569tFX712BxsxslWwAfAhCYjQKGTq7dAU91Lomy6nLLhh/dyGhk/YH4TwTSRxTzhuHyZg==",
          "requires": {
            "@protobufjs/aspromise": "^1.1.2",
            "@protobufjs/base64": "^1.1.2",
            "@protobufjs/codegen": "^2.0.4",
            "@protobufjs/eventemitter": "^1.1.0",
            "@protobufjs/fetch": "^1.1.0",
            "@protobufjs/float": "^1.0.2",
            "@protobufjs/inquire": "^1.1.0",
            "@protobufjs/path": "^1.1.2",
            "@protobufjs/pool": "^1.1.0",
            "@protobufjs/utf8": "^1.1.0",
            "@types/long": "^4.0.1",
            "@types/node": ">=13.7.0",
            "long": "^4.0.0"
          }
        }
      }
    },
    "@protobufjs/aspromise": {
      "version": "1.1.2",
      "resolved": "https://registry.npmjs.org/@protobufjs/aspromise/-/aspromise-1.1.2.tgz",
      "integrity": "sha512-j+gKExEuLmKwvz3OgROXtrJ2UG2x8Ch2YZUxahh+s1F2HZ+wAceUNLkvy6zKCPVRkU++ZWQrdxsUeQXmcg4uoQ=="
    },
    "@protobufjs/base64": {
      "version": "1.1.2",
      "resolved": "https://registry.npmjs.org/@protobufjs/base64/-/base64-1.1.2.tgz",
      "integrity": "sha512-AZkcAA5vnN/v4PDqKyMR5lx7hZttPDgClv83E//FMNhR2TMcLUhfRUBHCmSl0oi9zMgDDqRUJkSxO3wm85+XLg=="
    },
    "@protobufjs/codegen": {
      "version": "2.0.4",
      "resolved": "https://registry.npmjs.org/@protobufjs/codegen/-/codegen-2.0.4.tgz",
      "integrity": "sha512-YyFaikqM5sH0ziFZCN3xDC7zeGaB/d0IUb9CATugHWbd1FRFwWwt4ld4OYMPWu5a3Xe01mGAULCdqhMlPl29Jg=="
    },
    "@protobufjs/eventemitter": {
      "version": "1.1.0",
      "resolved": "https://registry.npmjs.org/@protobufjs/eventemitter/-/eventemitter-1.1.0.tgz",
      "integrity": "sha512-j9ednRT81vYJ9OfVuXG6ERSTdEL1xVsNgqpkxMsbIabzSo3goCjDIveeGv5d03om39ML71RdmrGNjG5SReBP/Q=="
    },
    "@protobufjs/fetch": {
      "version": "1.1.0",
      "resolved": "https://registry.npmjs.org/@protobufjs/fetch/-/fetch-1.1.0.tgz",
      "integrity": "sha512-lljVXpqXebpsijW71PZaCYeIcE5on1w5DlQy5WH6GLbFryLUrBD4932W/E2BSpfRJWseIL4v/KPgBFxDOIdKpQ==",
      "requires": {
        "@protobufjs/aspromise": "^1.1.1",
        "@protobufjs/inquire": "^1.1.0"
      }
    },
    "@protobufjs/float": {
      "version": "1.0.2",
      "resolved": "https://registry.npmjs.org/@protobufjs/float/-/float-1.0.2.tgz",
      "integrity": "sha512-Ddb+kVXlXst9d+R9PfTIxh1EdNkgoRe5tOX6t01f1lYWOvJnSPDBlG241QLzcyPdoNTsblLUdujGSE4RzrTZGQ=="
    },
    "@protobufjs/inquire": {
      "version": "1.1.0",
      "resolved": "https://registry.npmjs.org/@protobufjs/inquire/-/inquire-1.1.0.tgz",
      "integrity": "sha512-kdSefcPdruJiFMVSbn801t4vFK7KB/5gd2fYvrxhuJYg8ILrmn9SKSX2tZdV6V+ksulWqS7aXjBcRXl3wHoD9Q=="
    },
    "@protobufjs/path": {
      "version": "1.1.2",
      "resolved": "https://registry.npmjs.org/@protobufjs/path/-/path-1.1.2.tgz",
      "integrity": "sha512-6JOcJ5Tm08dOHAbdR3GrvP+yUUfkjG5ePsHYczMFLq3ZmMkAD98cDgcT2iA1lJ9NVwFd4tH/iSSoe44YWkltEA=="
    },
    "@protobufjs/pool": {
      "version": "1.1.0",
      "resolved": "https://registry.npmjs.org/@protobufjs/pool/-/pool-1.1.0.tgz",
      "integrity": "sha512-0kELaGSIDBKvcgS4zkjz1PeddatrjYcmMWOlAuAPwAeccUrPHdUqo/J6LiymHHEiJT5NrF1UVwxY14f+fy4WQw=="
    },
    "@protobufjs/utf8": {
      "version": "1.1.0",
      "resolved": "https://registry.npmjs.org/@protobufjs/utf8/-/utf8-1.1.0.tgz",
      "integrity": "sha512-Vvn3zZrhQZkkBE8LSuW3em98c0FwgO4nxzv6OdSxPKJIEKY2bGbHn+mhGIPerzI4twdxaP8/0+06HBpwf345Lw=="
    },
    "@types/long": {
      "version": "4.0.2",
      "resolved": "https://registry.npmjs.org/@types/long/-/long-4.0.2.tgz",
      "integrity": "sha512-MqTGEo5bj5t157U6fA/BiDynNkn0YknVdh48CMPkTSpFTVmvao5UQmm7uEF6xBEo7qIMAlY/JSleYaE6VOdpaA=="
    },
    "@types/node": {
      "version": "20.3.1",
      "resolved": "https://registry.npmjs.org/@types/node/-/node-20.3.1.tgz",
      "integrity": "sha512-EhcH/wvidPy1WeML3TtYFGR83UzjxeWRen9V402T8aUGYsCHOmfoisV3ZSg03gAFIbLq8TnWOJ0f4cALtnSEUg=="
    },
    "ansi-regex": {
      "version": "5.0.1",
      "resolved": "https://registry.npmjs.org/ansi-regex/-/ansi-regex-5.0.1.tgz",
      "integrity": "sha512-quJQXlTSUGL2LH9SUXo8VwsY4soanhgo6LNSm84E1LBcE8s3O0wpdiRzyR9z/ZZJMlMWv37qOOb9pdJlMUEKFQ=="
    },
    "ansi-styles": {
      "version": "4.3.0",
      "resolved": "https://registry.npmjs.org/ansi-styles/-/ansi-styles-4.3.0.tgz",
      "integrity": "sha512-zbB9rCJAT1rbjiVDb2hqKFHNYLxgtk8NURxZ3IZwD3F6NtxbXZQCnnSi1Lkx+IDohdPlFp222wVALIheZJQSEg==",
      "requires": {
        "color-convert": "^2.0.1"
      }
    },
    "cliui": {
      "version": "8.0.1",
      "resolved": "https://registry.npmjs.org/cliui/-/cliui-8.0.1.tgz",
      "integrity": "sha512-BSeNnyus75C4//NQ9gQt1/csTXyo/8Sb+afLAkzAptFuMsod9HFokGNudZpi/oQV73hnVK+sR+5PVRMd+Dr7YQ==",
      "requires": {
        "string-width": "^4.2.0",
        "strip-ansi": "^6.0.1",
        "wrap-ansi": "^7.0.0"
      }
    },
    "color-convert": {
      "version": "2.0.1",
      "resolved": "https://registry.npmjs.org/color-convert/-/color-convert-2.0.1.tgz",
      "integrity": "sha512-RRECPsj7iu/xb5oKYcsFHSppFNnsj/52OVTRKb4zP5onXwVF3zVmmToNcOfGC+CRDpfK/U584fMg38ZHCaElKQ==",
      "requires": {
        "color-name": "~1.1.4"
      }
    },
    "color-name": {
      "version": "1.1.4",
      "resolved": "https://registry.npmjs.org/color-name/-/color-name-1.1.4.tgz",
      "integrity": "sha512-dOy+3AuW3a2wNbZHIuMZpTcgjGuLU/uBL/ubcZF9OXbDo8ff4O8yVp5Bf0efS8uEoYo5q4Fx7dY9OgQGXgAsQA=="
    },
    "core-js": {
      "version": "3.6.5",
      "resolved": "https://registry.npmjs.org/core-js/-/core-js-3.6.5.tgz",
      "integrity": "sha512-vZVEEwZoIsI+vPEuoF9Iqf5H7/M3eeQqWlQnYa8FSKKePuYTf5MWnxb5SDAzCa60b3JBRS5g9b+Dq7b1y/RCrA=="
    },
    "dom-storage": {
      "version": "2.1.0",
      "resolved": "https://registry.npmjs.org/dom-storage/-/dom-storage-2.1.0.tgz",
      "integrity": "sha512-g6RpyWXzl0RR6OTElHKBl7nwnK87GUyZMYC7JWsB/IA73vpqK2K6LT39x4VepLxlSsWBFrPVLnsSR5Jyty0+2Q=="
    },
    "emoji-regex": {
      "version": "8.0.0",
      "resolved": "https://registry.npmjs.org/emoji-regex/-/emoji-regex-8.0.0.tgz",
      "integrity": "sha512-MSjYzcWNOA0ewAHpz0MxpYFvwg6yjy1NG3xteoqz644VCo/RPgnr1/GGt+ic3iJTzQ8Eu3TdM14SawnVUmGE6A=="
    },
    "escalade": {
      "version": "3.1.1",
      "resolved": "https://registry.npmjs.org/escalade/-/escalade-3.1.1.tgz",
      "integrity": "sha512-k0er2gUkLf8O0zKJiAhmkTnJlTvINGv7ygDNPbeIsX/TJjGJZHuh9B2UxbsaEkmlEo9MfhrSzmhIlhRlI2GXnw=="
    },
    "faye-websocket": {
      "version": "0.11.3",
      "resolved": "https://registry.npmjs.org/faye-websocket/-/faye-websocket-0.11.3.tgz",
      "integrity": "sha512-D2y4bovYpzziGgbHYtGCMjlJM36vAl/y+xUyn1C+FVx8szd1E+86KwVw6XvYSzOP8iMpm1X0I4xJD+QtUb36OA==",
      "requires": {
        "websocket-driver": ">=0.5.1"
      }
    },
    "firebase": {
      "version": "7.24.0",
      "resolved": "https://registry.npmjs.org/firebase/-/firebase-7.24.0.tgz",
      "integrity": "sha512-j6jIyGFFBlwWAmrlUg9HyQ/x+YpsPkc/TTkbTyeLwwAJrpAmmEHNPT6O9xtAnMV4g7d3RqLL/u9//aZlbY4rQA==",
      "requires": {
        "@firebase/analytics": "0.6.0",
        "@firebase/app": "0.6.11",
        "@firebase/app-types": "0.6.1",
        "@firebase/auth": "0.15.0",
        "@firebase/database": "0.6.13",
        "@firebase/firestore": "1.18.0",
        "@firebase/functions": "0.5.1",
        "@firebase/installations": "0.4.17",
        "@firebase/messaging": "0.7.1",
        "@firebase/performance": "0.4.2",
        "@firebase/polyfill": "0.3.36",
        "@firebase/remote-config": "0.1.28",
        "@firebase/storage": "0.3.43",
        "@firebase/util": "0.3.2"
      },
      "dependencies": {
        "@firebase/app": {
          "version": "0.6.11",
          "resolved": "https://registry.npmjs.org/@firebase/app/-/app-0.6.11.tgz",
          "integrity": "sha512-FH++PaoyTzfTAVuJ0gITNYEIcjT5G+D0671La27MU8Vvr6MTko+5YUZ4xS9QItyotSeRF4rMJ1KR7G8LSyySiA==",
          "requires": {
            "@firebase/app-types": "0.6.1",
            "@firebase/component": "0.1.19",
            "@firebase/logger": "0.2.6",
            "@firebase/util": "0.3.2",
            "dom-storage": "2.1.0",
            "tslib": "^1.11.1",
            "xmlhttprequest": "1.8.0"
          }
        },
        "@firebase/app-types": {
          "version": "0.6.1",
          "resolved": "https://registry.npmjs.org/@firebase/app-types/-/app-types-0.6.1.tgz",
          "integrity": "sha512-L/ZnJRAq7F++utfuoTKX4CLBG5YR7tFO3PLzG1/oXXKEezJ0kRL3CMRoueBEmTCzVb/6SIs2Qlaw++uDgi5Xyg=="
        },
        "@firebase/component": {
          "version": "0.1.19",
          "resolved": "https://registry.npmjs.org/@firebase/component/-/component-0.1.19.tgz",
          "integrity": "sha512-L0S3g8eqaerg8y0zox3oOHSTwn/FE8RbcRHiurnbESvDViZtP5S5WnhuAPd7FnFxa8ElWK0z1Tr3ikzWDv1xdQ==",
          "requires": {
            "@firebase/util": "0.3.2",
            "tslib": "^1.11.1"
          }
        },
        "@firebase/logger": {
          "version": "0.2.6",
          "resolved": "https://registry.npmjs.org/@firebase/logger/-/logger-0.2.6.tgz",
          "integrity": "sha512-KIxcUvW/cRGWlzK9Vd2KB864HlUnCfdTH0taHE0sXW5Xl7+W68suaeau1oKNEqmc3l45azkd4NzXTCWZRZdXrw=="
        },
        "@firebase/util": {
          "version": "0.3.2",
          "resolved": "https://registry.npmjs.org/@firebase/util/-/util-0.3.2.tgz",
          "integrity": "sha512-Dqs00++c8rwKky6KCKLLY2T1qYO4Q+X5t+lF7DInXDNF4ae1Oau35bkD+OpJ9u7l1pEv7KHowP6CUKuySCOc8g==",
          "requires": {
            "tslib": "^1.11.1"
          }
        }
      }
    },
    "get-caller-file": {
      "version": "2.0.5",
      "resolved": "https://registry.npmjs.org/get-caller-file/-/get-caller-file-2.0.5.tgz",
      "integrity": "sha512-DyFP3BM/3YHTQOCUL/w0OZHR0lpKeGrxotcHWcqNEdnltqFwXVfhEBQ94eIo34AfQpo0rGki4cyIiftY06h2Fg=="
    },
    "http-parser-js": {
      "version": "0.5.8",
      "resolved": "https://registry.npmjs.org/http-parser-js/-/http-parser-js-0.5.8.tgz",
      "integrity": "sha512-SGeBX54F94Wgu5RH3X5jsDtf4eHyRogWX1XGT3b4HuW3tQPM4AaBzoUji/4AAJNXCEOWZ5O0DgZmJw1947gD5Q=="
    },
    "idb": {
      "version": "3.0.2",
      "resolved": "https://registry.npmjs.org/idb/-/idb-3.0.2.tgz",
      "integrity": "sha512-+FLa/0sTXqyux0o6C+i2lOR0VoS60LU/jzUo5xjfY6+7sEEgy4Gz1O7yFBXvjd7N0NyIGWIRg8DcQSLEG+VSPw=="
    },
    "is-fullwidth-code-point": {
      "version": "3.0.0",
      "resolved": "https://registry.npmjs.org/is-fullwidth-code-point/-/is-fullwidth-code-point-3.0.0.tgz",
      "integrity": "sha512-zymm5+u+sCsSWyD9qNaejV3DFvhCKclKdizYaJUuHA83RLjb7nSuGnddCHGv0hk+KY7BMAlsWeK4Ueg6EV6XQg=="
    },
    "lodash.camelcase": {
      "version": "4.3.0",
      "resolved": "https://registry.npmjs.org/lodash.camelcase/-/lodash.camelcase-4.3.0.tgz",
      "integrity": "sha512-TwuEnCnxbc3rAvhf/LbG7tJUDzhqXyFnv3dtzLOPgCG/hODL7WFnsbwktkD7yUV0RrreP/l1PALq/YSg6VvjlA=="
    },
    "long": {
      "version": "4.0.0",
      "resolved": "https://registry.npmjs.org/long/-/long-4.0.0.tgz",
      "integrity": "sha512-XsP+KhQif4bjX1kbuSiySJFNAehNxgLb6hPRGJ9QsUr8ajHkuXGdrHmFUTUUXhDwVX2R5bY4JNZEwbUiMhV+MA=="
    },
    "node-fetch": {
      "version": "2.6.1",
      "resolved": "https://registry.npmjs.org/node-fetch/-/node-fetch-2.6.1.tgz",
      "integrity": "sha512-V4aYg89jEoVRxRb2fJdAg8FHvI7cEyYdVAh94HH0UIK8oJxUfkjlDQN9RbMx+bEjP7+ggMiFRprSti032Oipxw=="
    },
    "promise-polyfill": {
      "version": "8.1.3",
      "resolved": "https://registry.npmjs.org/promise-polyfill/-/promise-polyfill-8.1.3.tgz",
      "integrity": "sha512-MG5r82wBzh7pSKDRa9y+vllNHz3e3d4CNj1PQE4BQYxLme0gKYYBm9YENq+UkEikyZ0XbiGWxYlVw3Rl9O/U8g=="
    },
    "protobufjs": {
      "version": "7.2.3",
      "resolved": "https://registry.npmjs.org/protobufjs/-/protobufjs-7.2.3.tgz",
      "integrity": "sha512-TtpvOqwB5Gdz/PQmOjgsrGH1nHjAQVCN7JG4A6r1sXRWESL5rNMAiRcBQlCAdKxZcAbstExQePYG8xof/JVRgg==",
      "requires": {
        "@protobufjs/aspromise": "^1.1.2",
        "@protobufjs/base64": "^1.1.2",
        "@protobufjs/codegen": "^2.0.4",
        "@protobufjs/eventemitter": "^1.1.0",
        "@protobufjs/fetch": "^1.1.0",
        "@protobufjs/float": "^1.0.2",
        "@protobufjs/inquire": "^1.1.0",
        "@protobufjs/path": "^1.1.2",
        "@protobufjs/pool": "^1.1.0",
        "@protobufjs/utf8": "^1.1.0",
        "@types/node": ">=13.7.0",
        "long": "^5.0.0"
      },
      "dependencies": {
        "long": {
          "version": "5.2.3",
          "resolved": "https://registry.npmjs.org/long/-/long-5.2.3.tgz",
          "integrity": "sha512-lcHwpNoggQTObv5apGNCTdJrO69eHOZMi4BNC+rTLER8iHAqGrUVeLh/irVIM7zTw2bOXA8T6uNPeujwOLg/2Q=="
        }
      }
    },
    "require-directory": {
      "version": "2.1.1",
      "resolved": "https://registry.npmjs.org/require-directory/-/require-directory-2.1.1.tgz",
      "integrity": "sha512-fGxEI7+wsG9xrvdjsrlmL22OMTTiHRwAMroiEeMgq8gzoLC/PQr7RsRDSTLUg/bZAZtF+TVIkHc6/4RIKrui+Q=="
    },
    "safe-buffer": {
      "version": "5.2.1",
      "resolved": "https://registry.npmjs.org/safe-buffer/-/safe-buffer-5.2.1.tgz",
      "integrity": "sha512-rp3So07KcdmmKbGvgaNxQSJr7bGVSVk5S9Eq1F+ppbRo70+YeaDxkw5Dd8NPN+GD6bjnYm2VuPuCXmpuYvmCXQ=="
    },
    "string-width": {
      "version": "4.2.3",
      "resolved": "https://registry.npmjs.org/string-width/-/string-width-4.2.3.tgz",
      "integrity": "sha512-wKyQRQpjJ0sIp62ErSZdGsjMJWsap5oRNihHhu6G7JVO/9jIB6UyevL+tXuOqrng8j/cxKTWyWUwvSTriiZz/g==",
      "requires": {
        "emoji-regex": "^8.0.0",
        "is-fullwidth-code-point": "^3.0.0",
        "strip-ansi": "^6.0.1"
      }
    },
    "strip-ansi": {
      "version": "6.0.1",
      "resolved": "https://registry.npmjs.org/strip-ansi/-/strip-ansi-6.0.1.tgz",
      "integrity": "sha512-Y38VPSHcqkFrCpFnQ9vuSXmquuv5oXOKpGeT6aGrr3o3Gc9AlVa6JBfUSOCnbxGGZF+/0ooI7KrPuUSztUdU5A==",
      "requires": {
        "ansi-regex": "^5.0.1"
      }
    },
    "tslib": {
      "version": "1.11.1",
      "resolved": "https://registry.npmjs.org/tslib/-/tslib-1.11.1.tgz",
      "integrity": "sha512-aZW88SY8kQbU7gpV19lN24LtXh/yD4ZZg6qieAJDDg+YBsJcSmLGK9QpnUjAKVG/xefmvJGd1WUmfpT/g6AJGA=="
    },
    "websocket-driver": {
      "version": "0.7.4",
      "resolved": "https://registry.npmjs.org/websocket-driver/-/websocket-driver-0.7.4.tgz",
      "integrity": "sha512-b17KeDIQVjvb0ssuSDF2cYXSg2iztliJ4B9WdsuB6J952qCPKmnVq4DyW5motImXHDC1cBT/1UezrJVsKw5zjg==",
      "requires": {
        "http-parser-js": ">=0.5.1",
        "safe-buffer": ">=5.1.0",
        "websocket-extensions": ">=0.1.1"
      }
    },
    "websocket-extensions": {
      "version": "0.1.4",
      "resolved": "https://registry.npmjs.org/websocket-extensions/-/websocket-extensions-0.1.4.tgz",
      "integrity": "sha512-OqedPIGOfsDlo31UNwYbCFMSaO9m9G/0faIHj5/dZFDMFqPTcx6UwqyOy3COEaEOg/9VsGIpdqn62W5KhoKSpg=="
    },
    "whatwg-fetch": {
      "version": "2.0.4",
      "resolved": "https://registry.npmjs.org/whatwg-fetch/-/whatwg-fetch-2.0.4.tgz",
      "integrity": "sha512-dcQ1GWpOD/eEQ97k66aiEVpNnapVj90/+R+SXTPYGHpYBBypfKJEQjLrvMZ7YXbKm21gXd4NcuxUTjiv1YtLng=="
    },
    "wrap-ansi": {
      "version": "7.0.0",
      "resolved": "https://registry.npmjs.org/wrap-ansi/-/wrap-ansi-7.0.0.tgz",
      "integrity": "sha512-YVGIj2kamLSTxw6NsZjoBxfSwsn0ycdesmc4p+Q21c5zPuZ1pl+NfxVdxPtdHvmNVOQ6XSYG4AUtyt/Fi7D16Q==",
      "requires": {
        "ansi-styles": "^4.0.0",
        "string-width": "^4.1.0",
        "strip-ansi": "^6.0.0"
      }
    },
    "xmlhttprequest": {
      "version": "1.8.0",
      "resolved": "https://registry.npmjs.org/xmlhttprequest/-/xmlhttprequest-1.8.0.tgz",
      "integrity": "sha1-Z/4HXFwk/vOfnWX197f+dRcZaPw="
    },
    "y18n": {
      "version": "5.0.8",
      "resolved": "https://registry.npmjs.org/y18n/-/y18n-5.0.8.tgz",
      "integrity": "sha512-0pfFzegeDWJHJIAmTLRP2DwHjdF5s7jo9tuztdQxAhINCdvS+3nGINqPd00AphqJR/0LhANUS6/+7SCb98YOfA=="
    },
    "yargs": {
      "version": "17.7.2",
      "resolved": "https://registry.npmjs.org/yargs/-/yargs-17.7.2.tgz",
      "integrity": "sha512-7dSzzRQ++CKnNI/krKnYRV7JKKPUXMEh61soaHKg9mrWEhzFWhFnxPxGl+69cD1Ou63C13NUPCnmIcrvqCuM6w==",
      "requires": {
        "cliui": "^8.0.1",
        "escalade": "^3.1.1",
        "get-caller-file": "^2.0.5",
        "require-directory": "^2.1.1",
        "string-width": "^4.2.3",
        "y18n": "^5.0.5",
        "yargs-parser": "^21.1.1"
      }
    },
    "yargs-parser": {
      "version": "21.1.1",
      "resolved": "https://registry.npmjs.org/yargs-parser/-/yargs-parser-21.1.1.tgz",
      "integrity": "sha512-tVpsJW7DdjecAiFpbIB1e3qxIQsE6NoPc5/eTdrbbIC4h0LVsWhnoa3g+m2HclBIujHzsxZ4VJVA+GUuc2/LBw=="
    }
  }
}
